
Microsoft Visual Studio Solution File, Format Version 12.00
# Visual Studio Version 17
VisualStudioVersion = 17.4.33213.308
MinimumVisualStudioVersion = 10.0.40219.1
Project("{8BC9CEB8-8B4A-11D0-8D11-00A0C91BC942}") = "Bai002", "Bai002\Bai002.vcxproj", "{CA2F2B18-A5FF-434C-94A5-4F1BE43055F1}"
EndProject
Project("{8BC9CEB8-8B4A-11D0-8D11-00A0C91BC942}") = "Bai008", "Bai008\Bai008.vcxproj", "{F26D355A-2100-4321-8BC3-96DB555E969F}"
EndProject
Project("{8BC9CEB8-8B4A-11D0-8D11-00A0C91BC942}") = "Bai006", "Bai006\Bai006.vcxproj", "{18BC32B6-FFAA-4DE7-932E-1B70FC8D778E}"
EndProject
Project("{8BC9CEB8-8B4A-11D0-8D11-00A0C91BC942}") = "Bai012", "Bai012\Bai012.vcxproj", "{87F527C3-15D7-49B3-9ACA-6A7AA763F363}"
EndProject
Project("{8BC9CEB8-8B4A-11D0-8D11-00A0C91BC942}") = "Bai018", "Bai018\Bai018.vcxproj", "{DD1A8808-EE2D-48CE-B829-D267B0033A82}"
EndProject
Project("{8BC9CEB8-8B4A-11D0-8D11-00A0C91BC942}") = "Bai024", "Bai024\Bai024.vcxproj", "{A6A6A397-D064-4063-B06F-B9110E7F2352}"
EndProject
Project("{8BC9CEB8-8B4A-11D0-8D11-00A0C91BC942}") = "Bai030", "Bai030\Bai030.vcxproj", "{507B3C0C-841F-4C9D-A7C0-73010352AB97}"
EndProject
Project("{8BC9CEB8-8B4A-11D0-8D11-00A0C91BC942}") = "Bai036", "Bai036\Bai036.vcxproj", "{B0981D52-E7E2-4080-895A-68BE17A1AD1B}"
EndProject
Project("{8BC9CEB8-8B4A-11D0-8D11-00A0C91BC942}") = "Bai042", "Bai042\Bai042.vcxproj", "{EF996505-DA30-44F4-A790-6D71B2271196}"
EndProject
Project("{8BC9CEB8-8B4A-11D0-8D11-00A0C91BC942}") = "Bai048", "Bai048\Bai048.vcxproj", "{302C9669-2E27-4D53-BAA8-4575BF56235D}"
EndProject
Project("{8BC9CEB8-8B4A-11D0-8D11-00A0C91BC942}") = "Bai054", "Bai054\Bai054.vcxproj", "{F5FB3928-C7A4-47B9-B121-4482813A94C5}"
EndProject
Project("{8BC9CEB8-8B4A-11D0-8D11-00A0C91BC942}") = "Bai060", "Bai060\Bai060.vcxproj", "{83542616-44C4-4764-B40A-A125CA2E0E96}"
EndProject
Project("{8BC9CEB8-8B4A-11D0-8D11-00A0C91BC942}") = "bai066", "bai066\bai066.vcxproj", "{82DC434C-9E16-467F-BF86-8AD988C71558}"
EndProject
Project("{8BC9CEB8-8B4A-11D0-8D11-00A0C91BC942}") = "Bai072", "Bai072\Bai072.vcxproj", "{7716528E-683A-4C66-B9C4-6CED5092CEAA}"
EndProject
Project("{8BC9CEB8-8B4A-11D0-8D11-00A0C91BC942}") = "Bai078", "Bai078\Bai078.vcxproj", "{80CBB6BD-48E2-4FBA-9B89-C9A776C61B9E}"
EndProject
Project("{8BC9CEB8-8B4A-11D0-8D11-00A0C91BC942}") = "Bai084", "Bai084\Bai084.vcxproj", "{30CDAC70-4F0A-4925-B2AE-5054D8548438}"
EndProject
Project("{8BC9CEB8-8B4A-11D0-8D11-00A0C91BC942}") = "Bai090", "Bai090\Bai090.vcxproj", "{504A5750-BFCE-4C0D-8BE0-7FE853E6AD4A}"
EndProject
Project("{8BC9CEB8-8B4A-11D0-8D11-00A0C91BC942}") = "Bai096", "Bai096\Bai096.vcxproj", "{400F622D-9BE7-4DBD-AC52-9196C30F8708}"
EndProject
Project("{8BC9CEB8-8B4A-11D0-8D11-00A0C91BC942}") = "Bai102", "Bai102\Bai102.vcxproj", "{AC2C627B-88EC-40D2-BC4F-342BF2F83FCD}"
EndProject
Project("{8BC9CEB8-8B4A-11D0-8D11-00A0C91BC942}") = "Bai108", "Bai108\Bai108.vcxproj", "{1986629C-4273-489B-8FE2-E3CFB065EC89}"
EndProject
Project("{8BC9CEB8-8B4A-11D0-8D11-00A0C91BC942}") = "Bai114", "Bai114\Bai114.vcxproj", "{53EA9989-4235-41ED-8CAF-E8B5E91893D5}"
EndProject
Project("{8BC9CEB8-8B4A-11D0-8D11-00A0C91BC942}") = "Bai120", "Bai120\Bai120.vcxproj", "{E8D04BEB-01D3-4D7E-AC14-C13CC4A16E65}"
EndProject
Project("{8BC9CEB8-8B4A-11D0-8D11-00A0C91BC942}") = "Bai126", "Bai124\Bai124.vcxproj", "{9B1F126B-5C80-481F-8243-42E34D2D12E6}"
EndProject
Project("{8BC9CEB8-8B4A-11D0-8D11-00A0C91BC942}") = "Bai132", "Project1\Project1.vcxproj", "{3DAC2A56-9CF2-47A9-AC38-4F9E6D31894B}"
EndProject
Project("{8BC9CEB8-8B4A-11D0-8D11-00A0C91BC942}") = "Bai138", "Bai138\Bai138.vcxproj", "{A7A6035F-EC61-4807-B859-DED1EF88FD9D}"
EndProject
Project("{8BC9CEB8-8B4A-11D0-8D11-00A0C91BC942}") = "Bai144", "Bai144\Bai144.vcxproj", "{589476CB-1E19-423A-8F06-1ADF367AC4F7}"
EndProject
Project("{8BC9CEB8-8B4A-11D0-8D11-00A0C91BC942}") = "Bai150", "Bai150\Bai150.vcxproj", "{93E4EFBB-8E20-448E-A95F-1B85DC0322BE}"
EndProject
Project("{8BC9CEB8-8B4A-11D0-8D11-00A0C91BC942}") = "Bai156", "Bai154\Bai154.vcxproj", "{6882F0D9-E192-4C09-A566-D7F4654CCD13}"
EndProject
Project("{8BC9CEB8-8B4A-11D0-8D11-00A0C91BC942}") = "Bai162", "Bai162\Bai162.vcxproj", "{2651E590-1C24-499A-B45E-C131A6BB3C75}"
EndProject
Project("{8BC9CEB8-8B4A-11D0-8D11-00A0C91BC942}") = "Bai014", "Bai014\Bai014.vcxproj", "{7C6A6B5E-56F4-4610-82A1-54E52DAD980C}"
EndProject
Project("{8BC9CEB8-8B4A-11D0-8D11-00A0C91BC942}") = "Bai020", "Bai020\Bai020.vcxproj", "{DFA59616-8412-48B8-AD71-322F7057F8BE}"
EndProject
Project("{8BC9CEB8-8B4A-11D0-8D11-00A0C91BC942}") = "Bai026", "Bai026\Bai026.vcxproj", "{8A5EE095-E21F-42CC-B897-FB55EA5C3953}"
EndProject
Project("{8BC9CEB8-8B4A-11D0-8D11-00A0C91BC942}") = "Bai032", "Bai032\Bai032.vcxproj", "{166CA613-3708-4442-A7A1-1C4D72DA0673}"
EndProject
Project("{8BC9CEB8-8B4A-11D0-8D11-00A0C91BC942}") = "Bai038", "Bai038\Bai038.vcxproj", "{77729069-A0FC-4ECC-A3C1-7587B7268D5B}"
EndProject
Project("{8BC9CEB8-8B4A-11D0-8D11-00A0C91BC942}") = "Bai044", "Bai044\Bai044.vcxproj", "{628052C5-E0C3-4421-BEEE-4E9B08F5DB58}"
EndProject
Project("{8BC9CEB8-8B4A-11D0-8D11-00A0C91BC942}") = "Bai050", "Bai050\Bai050.vcxproj", "{BEC135C2-9ACF-4A3C-8091-1C2153B7234E}"
EndProject
Project("{8BC9CEB8-8B4A-11D0-8D11-00A0C91BC942}") = "Bai056", "Bai056\Bai056.vcxproj", "{771FE237-7D32-4AEC-BF86-F541EC2D4BA1}"
EndProject
Project("{8BC9CEB8-8B4A-11D0-8D11-00A0C91BC942}") = "Bai062", "Bai062\Bai062.vcxproj", "{6A6321AF-B8A0-4E1A-B6D8-A4249F056949}"
EndProject
Project("{8BC9CEB8-8B4A-11D0-8D11-00A0C91BC942}") = "Bai068", "Bai068\Bai068.vcxproj", "{960E45E7-C5A6-459B-A724-AA8202E11CB5}"
EndProject
Project("{8BC9CEB8-8B4A-11D0-8D11-00A0C91BC942}") = "Bai074", "Bai074\Bai074.vcxproj", "{4ED05229-CDF1-470E-B346-2334AE47FBD4}"
EndProject
Project("{8BC9CEB8-8B4A-11D0-8D11-00A0C91BC942}") = "Bai080", "Bai080\Bai080.vcxproj", "{9ABABD13-CD74-4370-A10E-54872D92B963}"
EndProject
Project("{8BC9CEB8-8B4A-11D0-8D11-00A0C91BC942}") = "Bai086", "Bai086\Bai086.vcxproj", "{35D3DCDA-70D4-42F9-9D64-C5D6994AF75C}"
EndProject
Project("{8BC9CEB8-8B4A-11D0-8D11-00A0C91BC942}") = "Bai092", "Bai092\Bai092.vcxproj", "{7E295D25-51EC-42B9-9341-C59A2DB09A3E}"
EndProject
Project("{8BC9CEB8-8B4A-11D0-8D11-00A0C91BC942}") = "Bai098", "Bai098\Bai098.vcxproj", "{06CD92F9-67E0-405A-9AF9-83BA1D6DB616}"
EndProject
Project("{8BC9CEB8-8B4A-11D0-8D11-00A0C91BC942}") = "Bai104", "Bai104\Bai104.vcxproj", "{E72F48C5-BDEC-4727-AA0A-40EC5AE8DFDD}"
EndProject
Project("{8BC9CEB8-8B4A-11D0-8D11-00A0C91BC942}") = "Bai110", "Bai110\Bai110.vcxproj", "{767785C8-5C2F-4752-BF04-C56106B87FE8}"
EndProject
Project("{8BC9CEB8-8B4A-11D0-8D11-00A0C91BC942}") = "Bai116", "Bai116\Bai116.vcxproj", "{75A0BF63-2BDE-4B7D-ACAA-F157D47A30D6}"
EndProject
Project("{8BC9CEB8-8B4A-11D0-8D11-00A0C91BC942}") = "Bai122", "Bai122\Bai122.vcxproj", "{AE270FC0-5585-4223-AC98-B6EEDEF2D3B2}"
EndProject
Project("{8BC9CEB8-8B4A-11D0-8D11-00A0C91BC942}") = "Bai128", "Bai128\Bai128.vcxproj", "{61AD6583-BED2-41FC-BCF2-F3E480500C2D}"
EndProject
Project("{8BC9CEB8-8B4A-11D0-8D11-00A0C91BC942}") = "Bai134", "Bai134\Bai134.vcxproj", "{2798E05E-6A9F-41E3-87CD-9D46AF80849F}"
EndProject
Project("{8BC9CEB8-8B4A-11D0-8D11-00A0C91BC942}") = "Bai140", "Bai140\Bai140.vcxproj", "{844D9E16-8C78-4649-A9DE-0E55F9FBE2CD}"
EndProject
Project("{8BC9CEB8-8B4A-11D0-8D11-00A0C91BC942}") = "Bai146", "Bai146\Bai146.vcxproj", "{D9304BF4-0713-45BC-99DE-BECD6550BDA2}"
EndProject
Project("{8BC9CEB8-8B4A-11D0-8D11-00A0C91BC942}") = "Bai152", "Bai152\Bai152.vcxproj", "{1B5A3CA5-E5F6-4CC2-B17B-AB233C6FF60F}"
EndProject
Project("{8BC9CEB8-8B4A-11D0-8D11-00A0C91BC942}") = "Bai003", "Bai003\Bai003.vcxproj", "{2FB6BA2C-341F-4CD5-AE34-16EFB29A7333}"
EndProject
Project("{8BC9CEB8-8B4A-11D0-8D11-00A0C91BC942}") = "Bai009", "Bai009\Bai009.vcxproj", "{844C5DF3-0117-47B7-8111-609A05BF55DE}"
EndProject
Project("{8BC9CEB8-8B4A-11D0-8D11-00A0C91BC942}") = "bai015", "bai015\bai015.vcxproj", "{CA8C648A-7BE7-47B8-B567-2095BB3CAC16}"
EndProject
Project("{8BC9CEB8-8B4A-11D0-8D11-00A0C91BC942}") = "Bai021", "Bai021\Bai021.vcxproj", "{EAB03A96-B4D6-4BAE-B41F-0C691235DB00}"
EndProject
Project("{8BC9CEB8-8B4A-11D0-8D11-00A0C91BC942}") = "Bai027", "Bai027\Bai027.vcxproj", "{3A0EC4DE-EA79-4AE1-95CC-DCA9BAEFB0BE}"
EndProject
Project("{8BC9CEB8-8B4A-11D0-8D11-00A0C91BC942}") = "Bai033", "Bai033\Bai033.vcxproj", "{3F539565-059E-4745-9CF7-EBE7CE4DA0AB}"
EndProject
Project("{8BC9CEB8-8B4A-11D0-8D11-00A0C91BC942}") = "Bai039", "Bai039\Bai039.vcxproj", "{2B041035-A120-4514-837E-0D828C6188A2}"
EndProject
Project("{8BC9CEB8-8B4A-11D0-8D11-00A0C91BC942}") = "Bai045", "Bai045\Bai045.vcxproj", "{7B31E08A-3022-4F5B-BF9B-F12FB6C7E524}"
EndProject
Project("{8BC9CEB8-8B4A-11D0-8D11-00A0C91BC942}") = "Bai051", "Bai051\Bai051.vcxproj", "{08BFB13A-7C06-4083-AAE3-232D4F6D4DA1}"
EndProject
Project("{8BC9CEB8-8B4A-11D0-8D11-00A0C91BC942}") = "Bai057", "Bai057\Bai057.vcxproj", "{FE59E2F1-DDEA-4EBA-88C0-3A3F16C96816}"
EndProject
Project("{8BC9CEB8-8B4A-11D0-8D11-00A0C91BC942}") = "Bai063", "Bai063\Bai063.vcxproj", "{C41C3B99-AE9C-43B0-829F-6980C219A746}"
EndProject
Project("{8BC9CEB8-8B4A-11D0-8D11-00A0C91BC942}") = "Bai069", "Bai069\Bai069.vcxproj", "{7A55A5AC-B2C2-4028-BE3B-230746901C1F}"
EndProject
Project("{8BC9CEB8-8B4A-11D0-8D11-00A0C91BC942}") = "Bai075", "Bai075\Bai075.vcxproj", "{767B5DCD-E794-4692-A9F5-653A04B02EF8}"
EndProject
Project("{8BC9CEB8-8B4A-11D0-8D11-00A0C91BC942}") = "Bai081", "Bai081\Bai081.vcxproj", "{F3B7F368-C523-42A0-851F-22A92713B276}"
EndProject
Project("{8BC9CEB8-8B4A-11D0-8D11-00A0C91BC942}") = "Bai087", "Bai087\Bai087.vcxproj", "{893BA8CF-5FC8-4BA0-9CE6-40C23561017A}"
EndProject
Project("{8BC9CEB8-8B4A-11D0-8D11-00A0C91BC942}") = "Bai093", "Bai093\Bai093.vcxproj", "{9E2AE1A1-0111-4260-B39D-43F26742F968}"
EndProject
Project("{8BC9CEB8-8B4A-11D0-8D11-00A0C91BC942}") = "Bai099", "Bai099\Bai099.vcxproj", "{71A3007E-1F4E-4D02-A36F-4C9D0D061F4C}"
EndProject
Project("{8BC9CEB8-8B4A-11D0-8D11-00A0C91BC942}") = "Bai105", "Bai105\Bai105.vcxproj", "{827E2139-19C6-4B96-A7C9-C09FEB4F2D46}"
EndProject
Project("{8BC9CEB8-8B4A-11D0-8D11-00A0C91BC942}") = "Bai111", "Bai111\Bai111.vcxproj", "{C7D6CD92-D6E2-43D2-8552-6827D74AE3DE}"
EndProject
Project("{8BC9CEB8-8B4A-11D0-8D11-00A0C91BC942}") = "Bai117", "Bai117\Bai117.vcxproj", "{87FF5470-59C0-4D62-88A9-96D8F6D8DCDA}"
EndProject
Project("{8BC9CEB8-8B4A-11D0-8D11-00A0C91BC942}") = "Bai123", "Bai123\Bai123.vcxproj", "{91ABF859-323A-4508-858A-B1A030183958}"
EndProject
Project("{8BC9CEB8-8B4A-11D0-8D11-00A0C91BC942}") = "Bai129", "Bai129\Bai129.vcxproj", "{3654C1F3-5A3B-4AAA-9EA2-87C336F3C1CA}"
EndProject
Project("{8BC9CEB8-8B4A-11D0-8D11-00A0C91BC942}") = "Bai135", "Bai135\Bai135.vcxproj", "{40A888FC-AB81-4A8E-AA54-795178997B69}"
EndProject
Project("{8BC9CEB8-8B4A-11D0-8D11-00A0C91BC942}") = "Bai141", "Bai141\Bai141.vcxproj", "{3C0C10C7-1D38-4695-9059-C283AE05F3D7}"
EndProject
Project("{8BC9CEB8-8B4A-11D0-8D11-00A0C91BC942}") = "Bai147", "Bai147\Bai147.vcxproj", "{AF3F93B5-89DB-448E-BC1A-E88DBC01496E}"
EndProject
Project("{8BC9CEB8-8B4A-11D0-8D11-00A0C91BC942}") = "Bai153", "Bai153\Bai153.vcxproj", "{AC4FBB4E-E8C8-437D-B7C7-E51E5507B593}"
EndProject
Project("{8BC9CEB8-8B4A-11D0-8D11-00A0C91BC942}") = "Bai001", "Bai001\Bai001.vcxproj", "{DD356CBF-6E41-4B83-B76D-DC55AB681431}"
EndProject
Project("{8BC9CEB8-8B4A-11D0-8D11-00A0C91BC942}") = "Bai007", "Bai007\Bai007.vcxproj", "{F982EBE9-20F9-48C3-9398-CDD7546F1AA8}"
EndProject
Project("{8BC9CEB8-8B4A-11D0-8D11-00A0C91BC942}") = "Bai013", "Bai013\Bai013.vcxproj", "{496AE00E-4691-4D65-9D06-60B970FF7F12}"
EndProject
Project("{8BC9CEB8-8B4A-11D0-8D11-00A0C91BC942}") = "Bai019", "Bai019\Bai019.vcxproj", "{2501DABC-907D-4AA1-BBFA-1887945B246F}"
EndProject
Project("{8BC9CEB8-8B4A-11D0-8D11-00A0C91BC942}") = "Bai025", "Bai025\Bai025.vcxproj", "{B4C542E6-8928-433E-8C33-31F1FDDFB7F4}"
EndProject
Project("{8BC9CEB8-8B4A-11D0-8D11-00A0C91BC942}") = "Bai031", "Bai031\Bai031.vcxproj", "{7ABF00E3-7595-428A-8E80-D59E110716F7}"
EndProject
Project("{8BC9CEB8-8B4A-11D0-8D11-00A0C91BC942}") = "Bai037", "Bai037\Bai037.vcxproj", "{CE01D36D-BBB9-49C3-8BCB-19AB68A32ACE}"
EndProject
Project("{8BC9CEB8-8B4A-11D0-8D11-00A0C91BC942}") = "Bai043", "Bai043\Bai043.vcxproj", "{0568041A-3072-444A-9A67-E2C20C260B27}"
EndProject
Project("{8BC9CEB8-8B4A-11D0-8D11-00A0C91BC942}") = "Bai049", "Bai049\Bai049.vcxproj", "{7B72C4C7-2048-4EC7-908E-749F8C430122}"
EndProject
Project("{8BC9CEB8-8B4A-11D0-8D11-00A0C91BC942}") = "Bai055", "Bai055\Bai055.vcxproj", "{1B035F74-FD7C-4385-ABCD-8D059EF76580}"
EndProject
Project("{8BC9CEB8-8B4A-11D0-8D11-00A0C91BC942}") = "Bai061", "Bai061\Bai061.vcxproj", "{38D0CE35-1BFE-4A2A-AF35-A74DA8939AF9}"
EndProject
Project("{8BC9CEB8-8B4A-11D0-8D11-00A0C91BC942}") = "Bai067", "Bai067\Bai067.vcxproj", "{377D8E13-09B1-47C5-8A7C-DFE9AF68D0B4}"
EndProject
Project("{8BC9CEB8-8B4A-11D0-8D11-00A0C91BC942}") = "Bai073", "Bai073\Bai073.vcxproj", "{9C04D97B-6933-4893-8C00-A8C18E5BF981}"
EndProject
Project("{8BC9CEB8-8B4A-11D0-8D11-00A0C91BC942}") = "Bai079", "Bai079\Bai079.vcxproj", "{8D307F22-AD7D-4082-9592-F45AE28ADB8A}"
EndProject
Project("{8BC9CEB8-8B4A-11D0-8D11-00A0C91BC942}") = "Bai085", "Bai085\Bai085.vcxproj", "{640933EF-F23C-4E0D-99C2-998C88C22983}"
EndProject
Project("{8BC9CEB8-8B4A-11D0-8D11-00A0C91BC942}") = "Bai091", "Bai091\Bai091.vcxproj", "{42B8586C-7948-4D90-93DF-2DF400F75C9D}"
EndProject
Project("{8BC9CEB8-8B4A-11D0-8D11-00A0C91BC942}") = "Bai097", "Bai097\Bai097.vcxproj", "{6255E606-1CE3-442C-BB60-C5F0D07D30D1}"
EndProject
Project("{8BC9CEB8-8B4A-11D0-8D11-00A0C91BC942}") = "Bai103", "Bai103\Bai103.vcxproj", "{4BDBDAC4-012E-4AB1-8F73-378B183C4AD9}"
EndProject
Project("{8BC9CEB8-8B4A-11D0-8D11-00A0C91BC942}") = "Bai109", "Bai109\Bai109.vcxproj", "{C3925092-8E0D-4B0E-9DED-24EF482A14A9}"
EndProject
Project("{8BC9CEB8-8B4A-11D0-8D11-00A0C91BC942}") = "Bai115", "Bai115\Bai115.vcxproj", "{3D4AA2B8-C99A-4CBB-8272-69009E3D2530}"
EndProject
Project("{8BC9CEB8-8B4A-11D0-8D11-00A0C91BC942}") = "Bai121", "Bai121\Bai121.vcxproj", "{BDC834DF-8E3C-4778-9A93-1DB2690CAD28}"
EndProject
Project("{8BC9CEB8-8B4A-11D0-8D11-00A0C91BC942}") = "Bai127", "Bai127\Bai127.vcxproj", "{9B4EE6F4-7FFC-4FEA-A460-565512306475}"
EndProject
Project("{8BC9CEB8-8B4A-11D0-8D11-00A0C91BC942}") = "Bai133", "Bai133\Bai133.vcxproj", "{BD255334-896A-49F6-AB44-74CD47E75898}"
EndProject
Project("{8BC9CEB8-8B4A-11D0-8D11-00A0C91BC942}") = "Bai139", "Bai139\Bai139.vcxproj", "{F9646F0A-D418-42F7-9824-8AF20A2BFE37}"
EndProject
Project("{8BC9CEB8-8B4A-11D0-8D11-00A0C91BC942}") = "Bai145", "Bai145\Bai145.vcxproj", "{1E78BCD9-A98F-4657-89D0-6FA4C38D77D2}"
EndProject
Project("{8BC9CEB8-8B4A-11D0-8D11-00A0C91BC942}") = "Bai151", "Bai151\Bai151.vcxproj", "{89FB07D4-6085-4D9A-A738-900525FA9143}"
EndProject
Project("{8BC9CEB8-8B4A-11D0-8D11-00A0C91BC942}") = "Bai157", "Bai157\Bai157.vcxproj", "{2AB4AE52-B3D3-4E44-ABB1-DD94DD167778}"
EndProject
Project("{8BC9CEB8-8B4A-11D0-8D11-00A0C91BC942}") = "Bai163", "Bai163\Bai163.vcxproj", "{86DF3A78-670E-4DD9-9E39-71E95E48D886}"
EndProject
Global
	GlobalSection(SolutionConfigurationPlatforms) = preSolution
		Debug|x64 = Debug|x64
		Debug|x86 = Debug|x86
		Release|x64 = Release|x64
		Release|x86 = Release|x86
	EndGlobalSection
	GlobalSection(ProjectConfigurationPlatforms) = postSolution
		{CA2F2B18-A5FF-434C-94A5-4F1BE43055F1}.Debug|x64.ActiveCfg = Debug|x64
		{CA2F2B18-A5FF-434C-94A5-4F1BE43055F1}.Debug|x64.Build.0 = Debug|x64
		{CA2F2B18-A5FF-434C-94A5-4F1BE43055F1}.Debug|x86.ActiveCfg = Debug|Win32
		{CA2F2B18-A5FF-434C-94A5-4F1BE43055F1}.Debug|x86.Build.0 = Debug|Win32
		{CA2F2B18-A5FF-434C-94A5-4F1BE43055F1}.Release|x64.ActiveCfg = Release|x64
		{CA2F2B18-A5FF-434C-94A5-4F1BE43055F1}.Release|x64.Build.0 = Release|x64
		{CA2F2B18-A5FF-434C-94A5-4F1BE43055F1}.Release|x86.ActiveCfg = Release|Win32
		{CA2F2B18-A5FF-434C-94A5-4F1BE43055F1}.Release|x86.Build.0 = Release|Win32
		{F26D355A-2100-4321-8BC3-96DB555E969F}.Debug|x64.ActiveCfg = Debug|x64
		{F26D355A-2100-4321-8BC3-96DB555E969F}.Debug|x64.Build.0 = Debug|x64
		{F26D355A-2100-4321-8BC3-96DB555E969F}.Debug|x86.ActiveCfg = Debug|Win32
		{F26D355A-2100-4321-8BC3-96DB555E969F}.Debug|x86.Build.0 = Debug|Win32
		{F26D355A-2100-4321-8BC3-96DB555E969F}.Release|x64.ActiveCfg = Release|x64
		{F26D355A-2100-4321-8BC3-96DB555E969F}.Release|x64.Build.0 = Release|x64
		{F26D355A-2100-4321-8BC3-96DB555E969F}.Release|x86.ActiveCfg = Release|Win32
		{F26D355A-2100-4321-8BC3-96DB555E969F}.Release|x86.Build.0 = Release|Win32
		{18BC32B6-FFAA-4DE7-932E-1B70FC8D778E}.Debug|x64.ActiveCfg = Debug|x64
		{18BC32B6-FFAA-4DE7-932E-1B70FC8D778E}.Debug|x64.Build.0 = Debug|x64
		{18BC32B6-FFAA-4DE7-932E-1B70FC8D778E}.Debug|x86.ActiveCfg = Debug|Win32
		{18BC32B6-FFAA-4DE7-932E-1B70FC8D778E}.Debug|x86.Build.0 = Debug|Win32
		{18BC32B6-FFAA-4DE7-932E-1B70FC8D778E}.Release|x64.ActiveCfg = Release|x64
		{18BC32B6-FFAA-4DE7-932E-1B70FC8D778E}.Release|x64.Build.0 = Release|x64
		{18BC32B6-FFAA-4DE7-932E-1B70FC8D778E}.Release|x86.ActiveCfg = Release|Win32
		{18BC32B6-FFAA-4DE7-932E-1B70FC8D778E}.Release|x86.Build.0 = Release|Win32
		{87F527C3-15D7-49B3-9ACA-6A7AA763F363}.Debug|x64.ActiveCfg = Debug|x64
		{87F527C3-15D7-49B3-9ACA-6A7AA763F363}.Debug|x64.Build.0 = Debug|x64
		{87F527C3-15D7-49B3-9ACA-6A7AA763F363}.Debug|x86.ActiveCfg = Debug|Win32
		{87F527C3-15D7-49B3-9ACA-6A7AA763F363}.Debug|x86.Build.0 = Debug|Win32
		{87F527C3-15D7-49B3-9ACA-6A7AA763F363}.Release|x64.ActiveCfg = Release|x64
		{87F527C3-15D7-49B3-9ACA-6A7AA763F363}.Release|x64.Build.0 = Release|x64
		{87F527C3-15D7-49B3-9ACA-6A7AA763F363}.Release|x86.ActiveCfg = Release|Win32
		{87F527C3-15D7-49B3-9ACA-6A7AA763F363}.Release|x86.Build.0 = Release|Win32
		{DD1A8808-EE2D-48CE-B829-D267B0033A82}.Debug|x64.ActiveCfg = Debug|x64
		{DD1A8808-EE2D-48CE-B829-D267B0033A82}.Debug|x64.Build.0 = Debug|x64
		{DD1A8808-EE2D-48CE-B829-D267B0033A82}.Debug|x86.ActiveCfg = Debug|Win32
		{DD1A8808-EE2D-48CE-B829-D267B0033A82}.Debug|x86.Build.0 = Debug|Win32
		{DD1A8808-EE2D-48CE-B829-D267B0033A82}.Release|x64.ActiveCfg = Release|x64
		{DD1A8808-EE2D-48CE-B829-D267B0033A82}.Release|x64.Build.0 = Release|x64
		{DD1A8808-EE2D-48CE-B829-D267B0033A82}.Release|x86.ActiveCfg = Release|Win32
		{DD1A8808-EE2D-48CE-B829-D267B0033A82}.Release|x86.Build.0 = Release|Win32
		{A6A6A397-D064-4063-B06F-B9110E7F2352}.Debug|x64.ActiveCfg = Debug|x64
		{A6A6A397-D064-4063-B06F-B9110E7F2352}.Debug|x64.Build.0 = Debug|x64
		{A6A6A397-D064-4063-B06F-B9110E7F2352}.Debug|x86.ActiveCfg = Debug|Win32
		{A6A6A397-D064-4063-B06F-B9110E7F2352}.Debug|x86.Build.0 = Debug|Win32
		{A6A6A397-D064-4063-B06F-B9110E7F2352}.Release|x64.ActiveCfg = Release|x64
		{A6A6A397-D064-4063-B06F-B9110E7F2352}.Release|x64.Build.0 = Release|x64
		{A6A6A397-D064-4063-B06F-B9110E7F2352}.Release|x86.ActiveCfg = Release|Win32
		{A6A6A397-D064-4063-B06F-B9110E7F2352}.Release|x86.Build.0 = Release|Win32
		{507B3C0C-841F-4C9D-A7C0-73010352AB97}.Debug|x64.ActiveCfg = Debug|x64
		{507B3C0C-841F-4C9D-A7C0-73010352AB97}.Debug|x64.Build.0 = Debug|x64
		{507B3C0C-841F-4C9D-A7C0-73010352AB97}.Debug|x86.ActiveCfg = Debug|Win32
		{507B3C0C-841F-4C9D-A7C0-73010352AB97}.Debug|x86.Build.0 = Debug|Win32
		{507B3C0C-841F-4C9D-A7C0-73010352AB97}.Release|x64.ActiveCfg = Release|x64
		{507B3C0C-841F-4C9D-A7C0-73010352AB97}.Release|x64.Build.0 = Release|x64
		{507B3C0C-841F-4C9D-A7C0-73010352AB97}.Release|x86.ActiveCfg = Release|Win32
		{507B3C0C-841F-4C9D-A7C0-73010352AB97}.Release|x86.Build.0 = Release|Win32
		{B0981D52-E7E2-4080-895A-68BE17A1AD1B}.Debug|x64.ActiveCfg = Debug|x64
		{B0981D52-E7E2-4080-895A-68BE17A1AD1B}.Debug|x64.Build.0 = Debug|x64
		{B0981D52-E7E2-4080-895A-68BE17A1AD1B}.Debug|x86.ActiveCfg = Debug|Win32
		{B0981D52-E7E2-4080-895A-68BE17A1AD1B}.Debug|x86.Build.0 = Debug|Win32
		{B0981D52-E7E2-4080-895A-68BE17A1AD1B}.Release|x64.ActiveCfg = Release|x64
		{B0981D52-E7E2-4080-895A-68BE17A1AD1B}.Release|x64.Build.0 = Release|x64
		{B0981D52-E7E2-4080-895A-68BE17A1AD1B}.Release|x86.ActiveCfg = Release|Win32
		{B0981D52-E7E2-4080-895A-68BE17A1AD1B}.Release|x86.Build.0 = Release|Win32
		{EF996505-DA30-44F4-A790-6D71B2271196}.Debug|x64.ActiveCfg = Debug|x64
		{EF996505-DA30-44F4-A790-6D71B2271196}.Debug|x64.Build.0 = Debug|x64
		{EF996505-DA30-44F4-A790-6D71B2271196}.Debug|x86.ActiveCfg = Debug|Win32
		{EF996505-DA30-44F4-A790-6D71B2271196}.Debug|x86.Build.0 = Debug|Win32
		{EF996505-DA30-44F4-A790-6D71B2271196}.Release|x64.ActiveCfg = Release|x64
		{EF996505-DA30-44F4-A790-6D71B2271196}.Release|x64.Build.0 = Release|x64
		{EF996505-DA30-44F4-A790-6D71B2271196}.Release|x86.ActiveCfg = Release|Win32
		{EF996505-DA30-44F4-A790-6D71B2271196}.Release|x86.Build.0 = Release|Win32
		{302C9669-2E27-4D53-BAA8-4575BF56235D}.Debug|x64.ActiveCfg = Debug|x64
		{302C9669-2E27-4D53-BAA8-4575BF56235D}.Debug|x64.Build.0 = Debug|x64
		{302C9669-2E27-4D53-BAA8-4575BF56235D}.Debug|x86.ActiveCfg = Debug|Win32
		{302C9669-2E27-4D53-BAA8-4575BF56235D}.Debug|x86.Build.0 = Debug|Win32
		{302C9669-2E27-4D53-BAA8-4575BF56235D}.Release|x64.ActiveCfg = Release|x64
		{302C9669-2E27-4D53-BAA8-4575BF56235D}.Release|x64.Build.0 = Release|x64
		{302C9669-2E27-4D53-BAA8-4575BF56235D}.Release|x86.ActiveCfg = Release|Win32
		{302C9669-2E27-4D53-BAA8-4575BF56235D}.Release|x86.Build.0 = Release|Win32
		{F5FB3928-C7A4-47B9-B121-4482813A94C5}.Debug|x64.ActiveCfg = Debug|x64
		{F5FB3928-C7A4-47B9-B121-4482813A94C5}.Debug|x64.Build.0 = Debug|x64
		{F5FB3928-C7A4-47B9-B121-4482813A94C5}.Debug|x86.ActiveCfg = Debug|Win32
		{F5FB3928-C7A4-47B9-B121-4482813A94C5}.Debug|x86.Build.0 = Debug|Win32
		{F5FB3928-C7A4-47B9-B121-4482813A94C5}.Release|x64.ActiveCfg = Release|x64
		{F5FB3928-C7A4-47B9-B121-4482813A94C5}.Release|x64.Build.0 = Release|x64
		{F5FB3928-C7A4-47B9-B121-4482813A94C5}.Release|x86.ActiveCfg = Release|Win32
		{F5FB3928-C7A4-47B9-B121-4482813A94C5}.Release|x86.Build.0 = Release|Win32
		{83542616-44C4-4764-B40A-A125CA2E0E96}.Debug|x64.ActiveCfg = Debug|x64
		{83542616-44C4-4764-B40A-A125CA2E0E96}.Debug|x64.Build.0 = Debug|x64
		{83542616-44C4-4764-B40A-A125CA2E0E96}.Debug|x86.ActiveCfg = Debug|Win32
		{83542616-44C4-4764-B40A-A125CA2E0E96}.Debug|x86.Build.0 = Debug|Win32
		{83542616-44C4-4764-B40A-A125CA2E0E96}.Release|x64.ActiveCfg = Release|x64
		{83542616-44C4-4764-B40A-A125CA2E0E96}.Release|x64.Build.0 = Release|x64
		{83542616-44C4-4764-B40A-A125CA2E0E96}.Release|x86.ActiveCfg = Release|Win32
		{83542616-44C4-4764-B40A-A125CA2E0E96}.Release|x86.Build.0 = Release|Win32
		{82DC434C-9E16-467F-BF86-8AD988C71558}.Debug|x64.ActiveCfg = Debug|x64
		{82DC434C-9E16-467F-BF86-8AD988C71558}.Debug|x64.Build.0 = Debug|x64
		{82DC434C-9E16-467F-BF86-8AD988C71558}.Debug|x86.ActiveCfg = Debug|Win32
		{82DC434C-9E16-467F-BF86-8AD988C71558}.Debug|x86.Build.0 = Debug|Win32
		{82DC434C-9E16-467F-BF86-8AD988C71558}.Release|x64.ActiveCfg = Release|x64
		{82DC434C-9E16-467F-BF86-8AD988C71558}.Release|x64.Build.0 = Release|x64
		{82DC434C-9E16-467F-BF86-8AD988C71558}.Release|x86.ActiveCfg = Release|Win32
		{82DC434C-9E16-467F-BF86-8AD988C71558}.Release|x86.Build.0 = Release|Win32
		{7716528E-683A-4C66-B9C4-6CED5092CEAA}.Debug|x64.ActiveCfg = Debug|x64
		{7716528E-683A-4C66-B9C4-6CED5092CEAA}.Debug|x64.Build.0 = Debug|x64
		{7716528E-683A-4C66-B9C4-6CED5092CEAA}.Debug|x86.ActiveCfg = Debug|Win32
		{7716528E-683A-4C66-B9C4-6CED5092CEAA}.Debug|x86.Build.0 = Debug|Win32
		{7716528E-683A-4C66-B9C4-6CED5092CEAA}.Release|x64.ActiveCfg = Release|x64
		{7716528E-683A-4C66-B9C4-6CED5092CEAA}.Release|x64.Build.0 = Release|x64
		{7716528E-683A-4C66-B9C4-6CED5092CEAA}.Release|x86.ActiveCfg = Release|Win32
		{7716528E-683A-4C66-B9C4-6CED5092CEAA}.Release|x86.Build.0 = Release|Win32
		{80CBB6BD-48E2-4FBA-9B89-C9A776C61B9E}.Debug|x64.ActiveCfg = Debug|x64
		{80CBB6BD-48E2-4FBA-9B89-C9A776C61B9E}.Debug|x64.Build.0 = Debug|x64
		{80CBB6BD-48E2-4FBA-9B89-C9A776C61B9E}.Debug|x86.ActiveCfg = Debug|Win32
		{80CBB6BD-48E2-4FBA-9B89-C9A776C61B9E}.Debug|x86.Build.0 = Debug|Win32
		{80CBB6BD-48E2-4FBA-9B89-C9A776C61B9E}.Release|x64.ActiveCfg = Release|x64
		{80CBB6BD-48E2-4FBA-9B89-C9A776C61B9E}.Release|x64.Build.0 = Release|x64
		{80CBB6BD-48E2-4FBA-9B89-C9A776C61B9E}.Release|x86.ActiveCfg = Release|Win32
		{80CBB6BD-48E2-4FBA-9B89-C9A776C61B9E}.Release|x86.Build.0 = Release|Win32
		{30CDAC70-4F0A-4925-B2AE-5054D8548438}.Debug|x64.ActiveCfg = Debug|x64
		{30CDAC70-4F0A-4925-B2AE-5054D8548438}.Debug|x64.Build.0 = Debug|x64
		{30CDAC70-4F0A-4925-B2AE-5054D8548438}.Debug|x86.ActiveCfg = Debug|Win32
		{30CDAC70-4F0A-4925-B2AE-5054D8548438}.Debug|x86.Build.0 = Debug|Win32
		{30CDAC70-4F0A-4925-B2AE-5054D8548438}.Release|x64.ActiveCfg = Release|x64
		{30CDAC70-4F0A-4925-B2AE-5054D8548438}.Release|x64.Build.0 = Release|x64
		{30CDAC70-4F0A-4925-B2AE-5054D8548438}.Release|x86.ActiveCfg = Release|Win32
		{30CDAC70-4F0A-4925-B2AE-5054D8548438}.Release|x86.Build.0 = Release|Win32
		{504A5750-BFCE-4C0D-8BE0-7FE853E6AD4A}.Debug|x64.ActiveCfg = Debug|x64
		{504A5750-BFCE-4C0D-8BE0-7FE853E6AD4A}.Debug|x64.Build.0 = Debug|x64
		{504A5750-BFCE-4C0D-8BE0-7FE853E6AD4A}.Debug|x86.ActiveCfg = Debug|Win32
		{504A5750-BFCE-4C0D-8BE0-7FE853E6AD4A}.Debug|x86.Build.0 = Debug|Win32
		{504A5750-BFCE-4C0D-8BE0-7FE853E6AD4A}.Release|x64.ActiveCfg = Release|x64
		{504A5750-BFCE-4C0D-8BE0-7FE853E6AD4A}.Release|x64.Build.0 = Release|x64
		{504A5750-BFCE-4C0D-8BE0-7FE853E6AD4A}.Release|x86.ActiveCfg = Release|Win32
		{504A5750-BFCE-4C0D-8BE0-7FE853E6AD4A}.Release|x86.Build.0 = Release|Win32
		{400F622D-9BE7-4DBD-AC52-9196C30F8708}.Debug|x64.ActiveCfg = Debug|x64
		{400F622D-9BE7-4DBD-AC52-9196C30F8708}.Debug|x64.Build.0 = Debug|x64
		{400F622D-9BE7-4DBD-AC52-9196C30F8708}.Debug|x86.ActiveCfg = Debug|Win32
		{400F622D-9BE7-4DBD-AC52-9196C30F8708}.Debug|x86.Build.0 = Debug|Win32
		{400F622D-9BE7-4DBD-AC52-9196C30F8708}.Release|x64.ActiveCfg = Release|x64
		{400F622D-9BE7-4DBD-AC52-9196C30F8708}.Release|x64.Build.0 = Release|x64
		{400F622D-9BE7-4DBD-AC52-9196C30F8708}.Release|x86.ActiveCfg = Release|Win32
		{400F622D-9BE7-4DBD-AC52-9196C30F8708}.Release|x86.Build.0 = Release|Win32
		{AC2C627B-88EC-40D2-BC4F-342BF2F83FCD}.Debug|x64.ActiveCfg = Debug|x64
		{AC2C627B-88EC-40D2-BC4F-342BF2F83FCD}.Debug|x64.Build.0 = Debug|x64
		{AC2C627B-88EC-40D2-BC4F-342BF2F83FCD}.Debug|x86.ActiveCfg = Debug|Win32
		{AC2C627B-88EC-40D2-BC4F-342BF2F83FCD}.Debug|x86.Build.0 = Debug|Win32
		{AC2C627B-88EC-40D2-BC4F-342BF2F83FCD}.Release|x64.ActiveCfg = Release|x64
		{AC2C627B-88EC-40D2-BC4F-342BF2F83FCD}.Release|x64.Build.0 = Release|x64
		{AC2C627B-88EC-40D2-BC4F-342BF2F83FCD}.Release|x86.ActiveCfg = Release|Win32
		{AC2C627B-88EC-40D2-BC4F-342BF2F83FCD}.Release|x86.Build.0 = Release|Win32
		{1986629C-4273-489B-8FE2-E3CFB065EC89}.Debug|x64.ActiveCfg = Debug|x64
		{1986629C-4273-489B-8FE2-E3CFB065EC89}.Debug|x64.Build.0 = Debug|x64
		{1986629C-4273-489B-8FE2-E3CFB065EC89}.Debug|x86.ActiveCfg = Debug|Win32
		{1986629C-4273-489B-8FE2-E3CFB065EC89}.Debug|x86.Build.0 = Debug|Win32
		{1986629C-4273-489B-8FE2-E3CFB065EC89}.Release|x64.ActiveCfg = Release|x64
		{1986629C-4273-489B-8FE2-E3CFB065EC89}.Release|x64.Build.0 = Release|x64
		{1986629C-4273-489B-8FE2-E3CFB065EC89}.Release|x86.ActiveCfg = Release|Win32
		{1986629C-4273-489B-8FE2-E3CFB065EC89}.Release|x86.Build.0 = Release|Win32
		{53EA9989-4235-41ED-8CAF-E8B5E91893D5}.Debug|x64.ActiveCfg = Debug|x64
		{53EA9989-4235-41ED-8CAF-E8B5E91893D5}.Debug|x64.Build.0 = Debug|x64
		{53EA9989-4235-41ED-8CAF-E8B5E91893D5}.Debug|x86.ActiveCfg = Debug|Win32
		{53EA9989-4235-41ED-8CAF-E8B5E91893D5}.Debug|x86.Build.0 = Debug|Win32
		{53EA9989-4235-41ED-8CAF-E8B5E91893D5}.Release|x64.ActiveCfg = Release|x64
		{53EA9989-4235-41ED-8CAF-E8B5E91893D5}.Release|x64.Build.0 = Release|x64
		{53EA9989-4235-41ED-8CAF-E8B5E91893D5}.Release|x86.ActiveCfg = Release|Win32
		{53EA9989-4235-41ED-8CAF-E8B5E91893D5}.Release|x86.Build.0 = Release|Win32
		{E8D04BEB-01D3-4D7E-AC14-C13CC4A16E65}.Debug|x64.ActiveCfg = Debug|x64
		{E8D04BEB-01D3-4D7E-AC14-C13CC4A16E65}.Debug|x64.Build.0 = Debug|x64
		{E8D04BEB-01D3-4D7E-AC14-C13CC4A16E65}.Debug|x86.ActiveCfg = Debug|Win32
		{E8D04BEB-01D3-4D7E-AC14-C13CC4A16E65}.Debug|x86.Build.0 = Debug|Win32
		{E8D04BEB-01D3-4D7E-AC14-C13CC4A16E65}.Release|x64.ActiveCfg = Release|x64
		{E8D04BEB-01D3-4D7E-AC14-C13CC4A16E65}.Release|x64.Build.0 = Release|x64
		{E8D04BEB-01D3-4D7E-AC14-C13CC4A16E65}.Release|x86.ActiveCfg = Release|Win32
		{E8D04BEB-01D3-4D7E-AC14-C13CC4A16E65}.Release|x86.Build.0 = Release|Win32
		{9B1F126B-5C80-481F-8243-42E34D2D12E6}.Debug|x64.ActiveCfg = Debug|x64
		{9B1F126B-5C80-481F-8243-42E34D2D12E6}.Debug|x64.Build.0 = Debug|x64
		{9B1F126B-5C80-481F-8243-42E34D2D12E6}.Debug|x86.ActiveCfg = Debug|Win32
		{9B1F126B-5C80-481F-8243-42E34D2D12E6}.Debug|x86.Build.0 = Debug|Win32
		{9B1F126B-5C80-481F-8243-42E34D2D12E6}.Release|x64.ActiveCfg = Release|x64
		{9B1F126B-5C80-481F-8243-42E34D2D12E6}.Release|x64.Build.0 = Release|x64
		{9B1F126B-5C80-481F-8243-42E34D2D12E6}.Release|x86.ActiveCfg = Release|Win32
		{9B1F126B-5C80-481F-8243-42E34D2D12E6}.Release|x86.Build.0 = Release|Win32
		{3DAC2A56-9CF2-47A9-AC38-4F9E6D31894B}.Debug|x64.ActiveCfg = Debug|x64
		{3DAC2A56-9CF2-47A9-AC38-4F9E6D31894B}.Debug|x64.Build.0 = Debug|x64
		{3DAC2A56-9CF2-47A9-AC38-4F9E6D31894B}.Debug|x86.ActiveCfg = Debug|Win32
		{3DAC2A56-9CF2-47A9-AC38-4F9E6D31894B}.Debug|x86.Build.0 = Debug|Win32
		{3DAC2A56-9CF2-47A9-AC38-4F9E6D31894B}.Release|x64.ActiveCfg = Release|x64
		{3DAC2A56-9CF2-47A9-AC38-4F9E6D31894B}.Release|x64.Build.0 = Release|x64
		{3DAC2A56-9CF2-47A9-AC38-4F9E6D31894B}.Release|x86.ActiveCfg = Release|Win32
		{3DAC2A56-9CF2-47A9-AC38-4F9E6D31894B}.Release|x86.Build.0 = Release|Win32
		{A7A6035F-EC61-4807-B859-DED1EF88FD9D}.Debug|x64.ActiveCfg = Debug|x64
		{A7A6035F-EC61-4807-B859-DED1EF88FD9D}.Debug|x64.Build.0 = Debug|x64
		{A7A6035F-EC61-4807-B859-DED1EF88FD9D}.Debug|x86.ActiveCfg = Debug|Win32
		{A7A6035F-EC61-4807-B859-DED1EF88FD9D}.Debug|x86.Build.0 = Debug|Win32
		{A7A6035F-EC61-4807-B859-DED1EF88FD9D}.Release|x64.ActiveCfg = Release|x64
		{A7A6035F-EC61-4807-B859-DED1EF88FD9D}.Release|x64.Build.0 = Release|x64
		{A7A6035F-EC61-4807-B859-DED1EF88FD9D}.Release|x86.ActiveCfg = Release|Win32
		{A7A6035F-EC61-4807-B859-DED1EF88FD9D}.Release|x86.Build.0 = Release|Win32
		{589476CB-1E19-423A-8F06-1ADF367AC4F7}.Debug|x64.ActiveCfg = Debug|x64
		{589476CB-1E19-423A-8F06-1ADF367AC4F7}.Debug|x64.Build.0 = Debug|x64
		{589476CB-1E19-423A-8F06-1ADF367AC4F7}.Debug|x86.ActiveCfg = Debug|Win32
		{589476CB-1E19-423A-8F06-1ADF367AC4F7}.Debug|x86.Build.0 = Debug|Win32
		{589476CB-1E19-423A-8F06-1ADF367AC4F7}.Release|x64.ActiveCfg = Release|x64
		{589476CB-1E19-423A-8F06-1ADF367AC4F7}.Release|x64.Build.0 = Release|x64
		{589476CB-1E19-423A-8F06-1ADF367AC4F7}.Release|x86.ActiveCfg = Release|Win32
		{589476CB-1E19-423A-8F06-1ADF367AC4F7}.Release|x86.Build.0 = Release|Win32
		{93E4EFBB-8E20-448E-A95F-1B85DC0322BE}.Debug|x64.ActiveCfg = Debug|x64
		{93E4EFBB-8E20-448E-A95F-1B85DC0322BE}.Debug|x64.Build.0 = Debug|x64
		{93E4EFBB-8E20-448E-A95F-1B85DC0322BE}.Debug|x86.ActiveCfg = Debug|Win32
		{93E4EFBB-8E20-448E-A95F-1B85DC0322BE}.Debug|x86.Build.0 = Debug|Win32
		{93E4EFBB-8E20-448E-A95F-1B85DC0322BE}.Release|x64.ActiveCfg = Release|x64
		{93E4EFBB-8E20-448E-A95F-1B85DC0322BE}.Release|x64.Build.0 = Release|x64
		{93E4EFBB-8E20-448E-A95F-1B85DC0322BE}.Release|x86.ActiveCfg = Release|Win32
		{93E4EFBB-8E20-448E-A95F-1B85DC0322BE}.Release|x86.Build.0 = Release|Win32
		{6882F0D9-E192-4C09-A566-D7F4654CCD13}.Debug|x64.ActiveCfg = Debug|x64
		{6882F0D9-E192-4C09-A566-D7F4654CCD13}.Debug|x64.Build.0 = Debug|x64
		{6882F0D9-E192-4C09-A566-D7F4654CCD13}.Debug|x86.ActiveCfg = Debug|Win32
		{6882F0D9-E192-4C09-A566-D7F4654CCD13}.Debug|x86.Build.0 = Debug|Win32
		{6882F0D9-E192-4C09-A566-D7F4654CCD13}.Release|x64.ActiveCfg = Release|x64
		{6882F0D9-E192-4C09-A566-D7F4654CCD13}.Release|x64.Build.0 = Release|x64
		{6882F0D9-E192-4C09-A566-D7F4654CCD13}.Release|x86.ActiveCfg = Release|Win32
		{6882F0D9-E192-4C09-A566-D7F4654CCD13}.Release|x86.Build.0 = Release|Win32
		{2651E590-1C24-499A-B45E-C131A6BB3C75}.Debug|x64.ActiveCfg = Debug|x64
		{2651E590-1C24-499A-B45E-C131A6BB3C75}.Debug|x64.Build.0 = Debug|x64
		{2651E590-1C24-499A-B45E-C131A6BB3C75}.Debug|x86.ActiveCfg = Debug|Win32
		{2651E590-1C24-499A-B45E-C131A6BB3C75}.Debug|x86.Build.0 = Debug|Win32
		{2651E590-1C24-499A-B45E-C131A6BB3C75}.Release|x64.ActiveCfg = Release|x64
		{2651E590-1C24-499A-B45E-C131A6BB3C75}.Release|x64.Build.0 = Release|x64
		{2651E590-1C24-499A-B45E-C131A6BB3C75}.Release|x86.ActiveCfg = Release|Win32
		{2651E590-1C24-499A-B45E-C131A6BB3C75}.Release|x86.Build.0 = Release|Win32
		{7C6A6B5E-56F4-4610-82A1-54E52DAD980C}.Debug|x64.ActiveCfg = Debug|x64
		{7C6A6B5E-56F4-4610-82A1-54E52DAD980C}.Debug|x64.Build.0 = Debug|x64
		{7C6A6B5E-56F4-4610-82A1-54E52DAD980C}.Debug|x86.ActiveCfg = Debug|Win32
		{7C6A6B5E-56F4-4610-82A1-54E52DAD980C}.Debug|x86.Build.0 = Debug|Win32
		{7C6A6B5E-56F4-4610-82A1-54E52DAD980C}.Release|x64.ActiveCfg = Release|x64
		{7C6A6B5E-56F4-4610-82A1-54E52DAD980C}.Release|x64.Build.0 = Release|x64
		{7C6A6B5E-56F4-4610-82A1-54E52DAD980C}.Release|x86.ActiveCfg = Release|Win32
		{7C6A6B5E-56F4-4610-82A1-54E52DAD980C}.Release|x86.Build.0 = Release|Win32
		{DFA59616-8412-48B8-AD71-322F7057F8BE}.Debug|x64.ActiveCfg = Debug|x64
		{DFA59616-8412-48B8-AD71-322F7057F8BE}.Debug|x64.Build.0 = Debug|x64
		{DFA59616-8412-48B8-AD71-322F7057F8BE}.Debug|x86.ActiveCfg = Debug|Win32
		{DFA59616-8412-48B8-AD71-322F7057F8BE}.Debug|x86.Build.0 = Debug|Win32
		{DFA59616-8412-48B8-AD71-322F7057F8BE}.Release|x64.ActiveCfg = Release|x64
		{DFA59616-8412-48B8-AD71-322F7057F8BE}.Release|x64.Build.0 = Release|x64
		{DFA59616-8412-48B8-AD71-322F7057F8BE}.Release|x86.ActiveCfg = Release|Win32
		{DFA59616-8412-48B8-AD71-322F7057F8BE}.Release|x86.Build.0 = Release|Win32
		{8A5EE095-E21F-42CC-B897-FB55EA5C3953}.Debug|x64.ActiveCfg = Debug|x64
		{8A5EE095-E21F-42CC-B897-FB55EA5C3953}.Debug|x64.Build.0 = Debug|x64
		{8A5EE095-E21F-42CC-B897-FB55EA5C3953}.Debug|x86.ActiveCfg = Debug|Win32
		{8A5EE095-E21F-42CC-B897-FB55EA5C3953}.Debug|x86.Build.0 = Debug|Win32
		{8A5EE095-E21F-42CC-B897-FB55EA5C3953}.Release|x64.ActiveCfg = Release|x64
		{8A5EE095-E21F-42CC-B897-FB55EA5C3953}.Release|x64.Build.0 = Release|x64
		{8A5EE095-E21F-42CC-B897-FB55EA5C3953}.Release|x86.ActiveCfg = Release|Win32
		{8A5EE095-E21F-42CC-B897-FB55EA5C3953}.Release|x86.Build.0 = Release|Win32
		{166CA613-3708-4442-A7A1-1C4D72DA0673}.Debug|x64.ActiveCfg = Debug|x64
		{166CA613-3708-4442-A7A1-1C4D72DA0673}.Debug|x64.Build.0 = Debug|x64
		{166CA613-3708-4442-A7A1-1C4D72DA0673}.Debug|x86.ActiveCfg = Debug|Win32
		{166CA613-3708-4442-A7A1-1C4D72DA0673}.Debug|x86.Build.0 = Debug|Win32
		{166CA613-3708-4442-A7A1-1C4D72DA0673}.Release|x64.ActiveCfg = Release|x64
		{166CA613-3708-4442-A7A1-1C4D72DA0673}.Release|x64.Build.0 = Release|x64
		{166CA613-3708-4442-A7A1-1C4D72DA0673}.Release|x86.ActiveCfg = Release|Win32
		{166CA613-3708-4442-A7A1-1C4D72DA0673}.Release|x86.Build.0 = Release|Win32
		{77729069-A0FC-4ECC-A3C1-7587B7268D5B}.Debug|x64.ActiveCfg = Debug|x64
		{77729069-A0FC-4ECC-A3C1-7587B7268D5B}.Debug|x64.Build.0 = Debug|x64
		{77729069-A0FC-4ECC-A3C1-7587B7268D5B}.Debug|x86.ActiveCfg = Debug|Win32
		{77729069-A0FC-4ECC-A3C1-7587B7268D5B}.Debug|x86.Build.0 = Debug|Win32
		{77729069-A0FC-4ECC-A3C1-7587B7268D5B}.Release|x64.ActiveCfg = Release|x64
		{77729069-A0FC-4ECC-A3C1-7587B7268D5B}.Release|x64.Build.0 = Release|x64
		{77729069-A0FC-4ECC-A3C1-7587B7268D5B}.Release|x86.ActiveCfg = Release|Win32
		{77729069-A0FC-4ECC-A3C1-7587B7268D5B}.Release|x86.Build.0 = Release|Win32
		{628052C5-E0C3-4421-BEEE-4E9B08F5DB58}.Debug|x64.ActiveCfg = Debug|x64
		{628052C5-E0C3-4421-BEEE-4E9B08F5DB58}.Debug|x64.Build.0 = Debug|x64
		{628052C5-E0C3-4421-BEEE-4E9B08F5DB58}.Debug|x86.ActiveCfg = Debug|Win32
		{628052C5-E0C3-4421-BEEE-4E9B08F5DB58}.Debug|x86.Build.0 = Debug|Win32
		{628052C5-E0C3-4421-BEEE-4E9B08F5DB58}.Release|x64.ActiveCfg = Release|x64
		{628052C5-E0C3-4421-BEEE-4E9B08F5DB58}.Release|x64.Build.0 = Release|x64
		{628052C5-E0C3-4421-BEEE-4E9B08F5DB58}.Release|x86.ActiveCfg = Release|Win32
		{628052C5-E0C3-4421-BEEE-4E9B08F5DB58}.Release|x86.Build.0 = Release|Win32
		{BEC135C2-9ACF-4A3C-8091-1C2153B7234E}.Debug|x64.ActiveCfg = Debug|x64
		{BEC135C2-9ACF-4A3C-8091-1C2153B7234E}.Debug|x64.Build.0 = Debug|x64
		{BEC135C2-9ACF-4A3C-8091-1C2153B7234E}.Debug|x86.ActiveCfg = Debug|Win32
		{BEC135C2-9ACF-4A3C-8091-1C2153B7234E}.Debug|x86.Build.0 = Debug|Win32
		{BEC135C2-9ACF-4A3C-8091-1C2153B7234E}.Release|x64.ActiveCfg = Release|x64
		{BEC135C2-9ACF-4A3C-8091-1C2153B7234E}.Release|x64.Build.0 = Release|x64
		{BEC135C2-9ACF-4A3C-8091-1C2153B7234E}.Release|x86.ActiveCfg = Release|Win32
		{BEC135C2-9ACF-4A3C-8091-1C2153B7234E}.Release|x86.Build.0 = Release|Win32
		{771FE237-7D32-4AEC-BF86-F541EC2D4BA1}.Debug|x64.ActiveCfg = Debug|x64
		{771FE237-7D32-4AEC-BF86-F541EC2D4BA1}.Debug|x64.Build.0 = Debug|x64
		{771FE237-7D32-4AEC-BF86-F541EC2D4BA1}.Debug|x86.ActiveCfg = Debug|Win32
		{771FE237-7D32-4AEC-BF86-F541EC2D4BA1}.Debug|x86.Build.0 = Debug|Win32
		{771FE237-7D32-4AEC-BF86-F541EC2D4BA1}.Release|x64.ActiveCfg = Release|x64
		{771FE237-7D32-4AEC-BF86-F541EC2D4BA1}.Release|x64.Build.0 = Release|x64
		{771FE237-7D32-4AEC-BF86-F541EC2D4BA1}.Release|x86.ActiveCfg = Release|Win32
		{771FE237-7D32-4AEC-BF86-F541EC2D4BA1}.Release|x86.Build.0 = Release|Win32
		{6A6321AF-B8A0-4E1A-B6D8-A4249F056949}.Debug|x64.ActiveCfg = Debug|x64
		{6A6321AF-B8A0-4E1A-B6D8-A4249F056949}.Debug|x64.Build.0 = Debug|x64
		{6A6321AF-B8A0-4E1A-B6D8-A4249F056949}.Debug|x86.ActiveCfg = Debug|Win32
		{6A6321AF-B8A0-4E1A-B6D8-A4249F056949}.Debug|x86.Build.0 = Debug|Win32
		{6A6321AF-B8A0-4E1A-B6D8-A4249F056949}.Release|x64.ActiveCfg = Release|x64
		{6A6321AF-B8A0-4E1A-B6D8-A4249F056949}.Release|x64.Build.0 = Release|x64
		{6A6321AF-B8A0-4E1A-B6D8-A4249F056949}.Release|x86.ActiveCfg = Release|Win32
		{6A6321AF-B8A0-4E1A-B6D8-A4249F056949}.Release|x86.Build.0 = Release|Win32
		{960E45E7-C5A6-459B-A724-AA8202E11CB5}.Debug|x64.ActiveCfg = Debug|x64
		{960E45E7-C5A6-459B-A724-AA8202E11CB5}.Debug|x64.Build.0 = Debug|x64
		{960E45E7-C5A6-459B-A724-AA8202E11CB5}.Debug|x86.ActiveCfg = Debug|Win32
		{960E45E7-C5A6-459B-A724-AA8202E11CB5}.Debug|x86.Build.0 = Debug|Win32
		{960E45E7-C5A6-459B-A724-AA8202E11CB5}.Release|x64.ActiveCfg = Release|x64
		{960E45E7-C5A6-459B-A724-AA8202E11CB5}.Release|x64.Build.0 = Release|x64
		{960E45E7-C5A6-459B-A724-AA8202E11CB5}.Release|x86.ActiveCfg = Release|Win32
		{960E45E7-C5A6-459B-A724-AA8202E11CB5}.Release|x86.Build.0 = Release|Win32
		{4ED05229-CDF1-470E-B346-2334AE47FBD4}.Debug|x64.ActiveCfg = Debug|x64
		{4ED05229-CDF1-470E-B346-2334AE47FBD4}.Debug|x64.Build.0 = Debug|x64
		{4ED05229-CDF1-470E-B346-2334AE47FBD4}.Debug|x86.ActiveCfg = Debug|Win32
		{4ED05229-CDF1-470E-B346-2334AE47FBD4}.Debug|x86.Build.0 = Debug|Win32
		{4ED05229-CDF1-470E-B346-2334AE47FBD4}.Release|x64.ActiveCfg = Release|x64
		{4ED05229-CDF1-470E-B346-2334AE47FBD4}.Release|x64.Build.0 = Release|x64
		{4ED05229-CDF1-470E-B346-2334AE47FBD4}.Release|x86.ActiveCfg = Release|Win32
		{4ED05229-CDF1-470E-B346-2334AE47FBD4}.Release|x86.Build.0 = Release|Win32
		{9ABABD13-CD74-4370-A10E-54872D92B963}.Debug|x64.ActiveCfg = Debug|x64
		{9ABABD13-CD74-4370-A10E-54872D92B963}.Debug|x64.Build.0 = Debug|x64
		{9ABABD13-CD74-4370-A10E-54872D92B963}.Debug|x86.ActiveCfg = Debug|Win32
		{9ABABD13-CD74-4370-A10E-54872D92B963}.Debug|x86.Build.0 = Debug|Win32
		{9ABABD13-CD74-4370-A10E-54872D92B963}.Release|x64.ActiveCfg = Release|x64
		{9ABABD13-CD74-4370-A10E-54872D92B963}.Release|x64.Build.0 = Release|x64
		{9ABABD13-CD74-4370-A10E-54872D92B963}.Release|x86.ActiveCfg = Release|Win32
		{9ABABD13-CD74-4370-A10E-54872D92B963}.Release|x86.Build.0 = Release|Win32
		{35D3DCDA-70D4-42F9-9D64-C5D6994AF75C}.Debug|x64.ActiveCfg = Debug|x64
		{35D3DCDA-70D4-42F9-9D64-C5D6994AF75C}.Debug|x64.Build.0 = Debug|x64
		{35D3DCDA-70D4-42F9-9D64-C5D6994AF75C}.Debug|x86.ActiveCfg = Debug|Win32
		{35D3DCDA-70D4-42F9-9D64-C5D6994AF75C}.Debug|x86.Build.0 = Debug|Win32
		{35D3DCDA-70D4-42F9-9D64-C5D6994AF75C}.Release|x64.ActiveCfg = Release|x64
		{35D3DCDA-70D4-42F9-9D64-C5D6994AF75C}.Release|x64.Build.0 = Release|x64
		{35D3DCDA-70D4-42F9-9D64-C5D6994AF75C}.Release|x86.ActiveCfg = Release|Win32
		{35D3DCDA-70D4-42F9-9D64-C5D6994AF75C}.Release|x86.Build.0 = Release|Win32
		{7E295D25-51EC-42B9-9341-C59A2DB09A3E}.Debug|x64.ActiveCfg = Debug|x64
		{7E295D25-51EC-42B9-9341-C59A2DB09A3E}.Debug|x64.Build.0 = Debug|x64
		{7E295D25-51EC-42B9-9341-C59A2DB09A3E}.Debug|x86.ActiveCfg = Debug|Win32
		{7E295D25-51EC-42B9-9341-C59A2DB09A3E}.Debug|x86.Build.0 = Debug|Win32
		{7E295D25-51EC-42B9-9341-C59A2DB09A3E}.Release|x64.ActiveCfg = Release|x64
		{7E295D25-51EC-42B9-9341-C59A2DB09A3E}.Release|x64.Build.0 = Release|x64
		{7E295D25-51EC-42B9-9341-C59A2DB09A3E}.Release|x86.ActiveCfg = Release|Win32
		{7E295D25-51EC-42B9-9341-C59A2DB09A3E}.Release|x86.Build.0 = Release|Win32
		{06CD92F9-67E0-405A-9AF9-83BA1D6DB616}.Debug|x64.ActiveCfg = Debug|x64
		{06CD92F9-67E0-405A-9AF9-83BA1D6DB616}.Debug|x64.Build.0 = Debug|x64
		{06CD92F9-67E0-405A-9AF9-83BA1D6DB616}.Debug|x86.ActiveCfg = Debug|Win32
		{06CD92F9-67E0-405A-9AF9-83BA1D6DB616}.Debug|x86.Build.0 = Debug|Win32
		{06CD92F9-67E0-405A-9AF9-83BA1D6DB616}.Release|x64.ActiveCfg = Release|x64
		{06CD92F9-67E0-405A-9AF9-83BA1D6DB616}.Release|x64.Build.0 = Release|x64
		{06CD92F9-67E0-405A-9AF9-83BA1D6DB616}.Release|x86.ActiveCfg = Release|Win32
		{06CD92F9-67E0-405A-9AF9-83BA1D6DB616}.Release|x86.Build.0 = Release|Win32
		{E72F48C5-BDEC-4727-AA0A-40EC5AE8DFDD}.Debug|x64.ActiveCfg = Debug|x64
		{E72F48C5-BDEC-4727-AA0A-40EC5AE8DFDD}.Debug|x64.Build.0 = Debug|x64
		{E72F48C5-BDEC-4727-AA0A-40EC5AE8DFDD}.Debug|x86.ActiveCfg = Debug|Win32
		{E72F48C5-BDEC-4727-AA0A-40EC5AE8DFDD}.Debug|x86.Build.0 = Debug|Win32
		{E72F48C5-BDEC-4727-AA0A-40EC5AE8DFDD}.Release|x64.ActiveCfg = Release|x64
		{E72F48C5-BDEC-4727-AA0A-40EC5AE8DFDD}.Release|x64.Build.0 = Release|x64
		{E72F48C5-BDEC-4727-AA0A-40EC5AE8DFDD}.Release|x86.ActiveCfg = Release|Win32
		{E72F48C5-BDEC-4727-AA0A-40EC5AE8DFDD}.Release|x86.Build.0 = Release|Win32
		{767785C8-5C2F-4752-BF04-C56106B87FE8}.Debug|x64.ActiveCfg = Debug|x64
		{767785C8-5C2F-4752-BF04-C56106B87FE8}.Debug|x64.Build.0 = Debug|x64
		{767785C8-5C2F-4752-BF04-C56106B87FE8}.Debug|x86.ActiveCfg = Debug|Win32
		{767785C8-5C2F-4752-BF04-C56106B87FE8}.Debug|x86.Build.0 = Debug|Win32
		{767785C8-5C2F-4752-BF04-C56106B87FE8}.Release|x64.ActiveCfg = Release|x64
		{767785C8-5C2F-4752-BF04-C56106B87FE8}.Release|x64.Build.0 = Release|x64
		{767785C8-5C2F-4752-BF04-C56106B87FE8}.Release|x86.ActiveCfg = Release|Win32
		{767785C8-5C2F-4752-BF04-C56106B87FE8}.Release|x86.Build.0 = Release|Win32
		{75A0BF63-2BDE-4B7D-ACAA-F157D47A30D6}.Debug|x64.ActiveCfg = Debug|x64
		{75A0BF63-2BDE-4B7D-ACAA-F157D47A30D6}.Debug|x64.Build.0 = Debug|x64
		{75A0BF63-2BDE-4B7D-ACAA-F157D47A30D6}.Debug|x86.ActiveCfg = Debug|Win32
		{75A0BF63-2BDE-4B7D-ACAA-F157D47A30D6}.Debug|x86.Build.0 = Debug|Win32
		{75A0BF63-2BDE-4B7D-ACAA-F157D47A30D6}.Release|x64.ActiveCfg = Release|x64
		{75A0BF63-2BDE-4B7D-ACAA-F157D47A30D6}.Release|x64.Build.0 = Release|x64
		{75A0BF63-2BDE-4B7D-ACAA-F157D47A30D6}.Release|x86.ActiveCfg = Release|Win32
		{75A0BF63-2BDE-4B7D-ACAA-F157D47A30D6}.Release|x86.Build.0 = Release|Win32
		{AE270FC0-5585-4223-AC98-B6EEDEF2D3B2}.Debug|x64.ActiveCfg = Debug|x64
		{AE270FC0-5585-4223-AC98-B6EEDEF2D3B2}.Debug|x64.Build.0 = Debug|x64
		{AE270FC0-5585-4223-AC98-B6EEDEF2D3B2}.Debug|x86.ActiveCfg = Debug|Win32
		{AE270FC0-5585-4223-AC98-B6EEDEF2D3B2}.Debug|x86.Build.0 = Debug|Win32
		{AE270FC0-5585-4223-AC98-B6EEDEF2D3B2}.Release|x64.ActiveCfg = Release|x64
		{AE270FC0-5585-4223-AC98-B6EEDEF2D3B2}.Release|x64.Build.0 = Release|x64
		{AE270FC0-5585-4223-AC98-B6EEDEF2D3B2}.Release|x86.ActiveCfg = Release|Win32
		{AE270FC0-5585-4223-AC98-B6EEDEF2D3B2}.Release|x86.Build.0 = Release|Win32
		{61AD6583-BED2-41FC-BCF2-F3E480500C2D}.Debug|x64.ActiveCfg = Debug|x64
		{61AD6583-BED2-41FC-BCF2-F3E480500C2D}.Debug|x64.Build.0 = Debug|x64
		{61AD6583-BED2-41FC-BCF2-F3E480500C2D}.Debug|x86.ActiveCfg = Debug|Win32
		{61AD6583-BED2-41FC-BCF2-F3E480500C2D}.Debug|x86.Build.0 = Debug|Win32
		{61AD6583-BED2-41FC-BCF2-F3E480500C2D}.Release|x64.ActiveCfg = Release|x64
		{61AD6583-BED2-41FC-BCF2-F3E480500C2D}.Release|x64.Build.0 = Release|x64
		{61AD6583-BED2-41FC-BCF2-F3E480500C2D}.Release|x86.ActiveCfg = Release|Win32
		{61AD6583-BED2-41FC-BCF2-F3E480500C2D}.Release|x86.Build.0 = Release|Win32
		{2798E05E-6A9F-41E3-87CD-9D46AF80849F}.Debug|x64.ActiveCfg = Debug|x64
		{2798E05E-6A9F-41E3-87CD-9D46AF80849F}.Debug|x64.Build.0 = Debug|x64
		{2798E05E-6A9F-41E3-87CD-9D46AF80849F}.Debug|x86.ActiveCfg = Debug|Win32
		{2798E05E-6A9F-41E3-87CD-9D46AF80849F}.Debug|x86.Build.0 = Debug|Win32
		{2798E05E-6A9F-41E3-87CD-9D46AF80849F}.Release|x64.ActiveCfg = Release|x64
		{2798E05E-6A9F-41E3-87CD-9D46AF80849F}.Release|x64.Build.0 = Release|x64
		{2798E05E-6A9F-41E3-87CD-9D46AF80849F}.Release|x86.ActiveCfg = Release|Win32
		{2798E05E-6A9F-41E3-87CD-9D46AF80849F}.Release|x86.Build.0 = Release|Win32
		{844D9E16-8C78-4649-A9DE-0E55F9FBE2CD}.Debug|x64.ActiveCfg = Debug|x64
		{844D9E16-8C78-4649-A9DE-0E55F9FBE2CD}.Debug|x64.Build.0 = Debug|x64
		{844D9E16-8C78-4649-A9DE-0E55F9FBE2CD}.Debug|x86.ActiveCfg = Debug|Win32
		{844D9E16-8C78-4649-A9DE-0E55F9FBE2CD}.Debug|x86.Build.0 = Debug|Win32
		{844D9E16-8C78-4649-A9DE-0E55F9FBE2CD}.Release|x64.ActiveCfg = Release|x64
		{844D9E16-8C78-4649-A9DE-0E55F9FBE2CD}.Release|x64.Build.0 = Release|x64
		{844D9E16-8C78-4649-A9DE-0E55F9FBE2CD}.Release|x86.ActiveCfg = Release|Win32
		{844D9E16-8C78-4649-A9DE-0E55F9FBE2CD}.Release|x86.Build.0 = Release|Win32
		{D9304BF4-0713-45BC-99DE-BECD6550BDA2}.Debug|x64.ActiveCfg = Debug|x64
		{D9304BF4-0713-45BC-99DE-BECD6550BDA2}.Debug|x64.Build.0 = Debug|x64
		{D9304BF4-0713-45BC-99DE-BECD6550BDA2}.Debug|x86.ActiveCfg = Debug|Win32
		{D9304BF4-0713-45BC-99DE-BECD6550BDA2}.Debug|x86.Build.0 = Debug|Win32
		{D9304BF4-0713-45BC-99DE-BECD6550BDA2}.Release|x64.ActiveCfg = Release|x64
		{D9304BF4-0713-45BC-99DE-BECD6550BDA2}.Release|x64.Build.0 = Release|x64
		{D9304BF4-0713-45BC-99DE-BECD6550BDA2}.Release|x86.ActiveCfg = Release|Win32
		{D9304BF4-0713-45BC-99DE-BECD6550BDA2}.Release|x86.Build.0 = Release|Win32
		{1B5A3CA5-E5F6-4CC2-B17B-AB233C6FF60F}.Debug|x64.ActiveCfg = Debug|x64
		{1B5A3CA5-E5F6-4CC2-B17B-AB233C6FF60F}.Debug|x64.Build.0 = Debug|x64
		{1B5A3CA5-E5F6-4CC2-B17B-AB233C6FF60F}.Debug|x86.ActiveCfg = Debug|Win32
		{1B5A3CA5-E5F6-4CC2-B17B-AB233C6FF60F}.Debug|x86.Build.0 = Debug|Win32
		{1B5A3CA5-E5F6-4CC2-B17B-AB233C6FF60F}.Release|x64.ActiveCfg = Release|x64
		{1B5A3CA5-E5F6-4CC2-B17B-AB233C6FF60F}.Release|x64.Build.0 = Release|x64
		{1B5A3CA5-E5F6-4CC2-B17B-AB233C6FF60F}.Release|x86.ActiveCfg = Release|Win32
		{1B5A3CA5-E5F6-4CC2-B17B-AB233C6FF60F}.Release|x86.Build.0 = Release|Win32
		{2FB6BA2C-341F-4CD5-AE34-16EFB29A7333}.Debug|x64.ActiveCfg = Debug|x64
		{2FB6BA2C-341F-4CD5-AE34-16EFB29A7333}.Debug|x64.Build.0 = Debug|x64
		{2FB6BA2C-341F-4CD5-AE34-16EFB29A7333}.Debug|x86.ActiveCfg = Debug|Win32
		{2FB6BA2C-341F-4CD5-AE34-16EFB29A7333}.Debug|x86.Build.0 = Debug|Win32
		{2FB6BA2C-341F-4CD5-AE34-16EFB29A7333}.Release|x64.ActiveCfg = Release|x64
		{2FB6BA2C-341F-4CD5-AE34-16EFB29A7333}.Release|x64.Build.0 = Release|x64
		{2FB6BA2C-341F-4CD5-AE34-16EFB29A7333}.Release|x86.ActiveCfg = Release|Win32
		{2FB6BA2C-341F-4CD5-AE34-16EFB29A7333}.Release|x86.Build.0 = Release|Win32
		{844C5DF3-0117-47B7-8111-609A05BF55DE}.Debug|x64.ActiveCfg = Debug|x64
		{844C5DF3-0117-47B7-8111-609A05BF55DE}.Debug|x64.Build.0 = Debug|x64
		{844C5DF3-0117-47B7-8111-609A05BF55DE}.Debug|x86.ActiveCfg = Debug|Win32
		{844C5DF3-0117-47B7-8111-609A05BF55DE}.Debug|x86.Build.0 = Debug|Win32
		{844C5DF3-0117-47B7-8111-609A05BF55DE}.Release|x64.ActiveCfg = Release|x64
		{844C5DF3-0117-47B7-8111-609A05BF55DE}.Release|x64.Build.0 = Release|x64
		{844C5DF3-0117-47B7-8111-609A05BF55DE}.Release|x86.ActiveCfg = Release|Win32
		{844C5DF3-0117-47B7-8111-609A05BF55DE}.Release|x86.Build.0 = Release|Win32
		{CA8C648A-7BE7-47B8-B567-2095BB3CAC16}.Debug|x64.ActiveCfg = Debug|x64
		{CA8C648A-7BE7-47B8-B567-2095BB3CAC16}.Debug|x64.Build.0 = Debug|x64
		{CA8C648A-7BE7-47B8-B567-2095BB3CAC16}.Debug|x86.ActiveCfg = Debug|Win32
		{CA8C648A-7BE7-47B8-B567-2095BB3CAC16}.Debug|x86.Build.0 = Debug|Win32
		{CA8C648A-7BE7-47B8-B567-2095BB3CAC16}.Release|x64.ActiveCfg = Release|x64
		{CA8C648A-7BE7-47B8-B567-2095BB3CAC16}.Release|x64.Build.0 = Release|x64
		{CA8C648A-7BE7-47B8-B567-2095BB3CAC16}.Release|x86.ActiveCfg = Release|Win32
		{CA8C648A-7BE7-47B8-B567-2095BB3CAC16}.Release|x86.Build.0 = Release|Win32
		{EAB03A96-B4D6-4BAE-B41F-0C691235DB00}.Debug|x64.ActiveCfg = Debug|x64
		{EAB03A96-B4D6-4BAE-B41F-0C691235DB00}.Debug|x64.Build.0 = Debug|x64
		{EAB03A96-B4D6-4BAE-B41F-0C691235DB00}.Debug|x86.ActiveCfg = Debug|Win32
		{EAB03A96-B4D6-4BAE-B41F-0C691235DB00}.Debug|x86.Build.0 = Debug|Win32
		{EAB03A96-B4D6-4BAE-B41F-0C691235DB00}.Release|x64.ActiveCfg = Release|x64
		{EAB03A96-B4D6-4BAE-B41F-0C691235DB00}.Release|x64.Build.0 = Release|x64
		{EAB03A96-B4D6-4BAE-B41F-0C691235DB00}.Release|x86.ActiveCfg = Release|Win32
		{EAB03A96-B4D6-4BAE-B41F-0C691235DB00}.Release|x86.Build.0 = Release|Win32
		{3A0EC4DE-EA79-4AE1-95CC-DCA9BAEFB0BE}.Debug|x64.ActiveCfg = Debug|x64
		{3A0EC4DE-EA79-4AE1-95CC-DCA9BAEFB0BE}.Debug|x64.Build.0 = Debug|x64
		{3A0EC4DE-EA79-4AE1-95CC-DCA9BAEFB0BE}.Debug|x86.ActiveCfg = Debug|Win32
		{3A0EC4DE-EA79-4AE1-95CC-DCA9BAEFB0BE}.Debug|x86.Build.0 = Debug|Win32
		{3A0EC4DE-EA79-4AE1-95CC-DCA9BAEFB0BE}.Release|x64.ActiveCfg = Release|x64
		{3A0EC4DE-EA79-4AE1-95CC-DCA9BAEFB0BE}.Release|x64.Build.0 = Release|x64
		{3A0EC4DE-EA79-4AE1-95CC-DCA9BAEFB0BE}.Release|x86.ActiveCfg = Release|Win32
		{3A0EC4DE-EA79-4AE1-95CC-DCA9BAEFB0BE}.Release|x86.Build.0 = Release|Win32
		{3F539565-059E-4745-9CF7-EBE7CE4DA0AB}.Debug|x64.ActiveCfg = Debug|x64
		{3F539565-059E-4745-9CF7-EBE7CE4DA0AB}.Debug|x64.Build.0 = Debug|x64
		{3F539565-059E-4745-9CF7-EBE7CE4DA0AB}.Debug|x86.ActiveCfg = Debug|Win32
		{3F539565-059E-4745-9CF7-EBE7CE4DA0AB}.Debug|x86.Build.0 = Debug|Win32
		{3F539565-059E-4745-9CF7-EBE7CE4DA0AB}.Release|x64.ActiveCfg = Release|x64
		{3F539565-059E-4745-9CF7-EBE7CE4DA0AB}.Release|x64.Build.0 = Release|x64
		{3F539565-059E-4745-9CF7-EBE7CE4DA0AB}.Release|x86.ActiveCfg = Release|Win32
		{3F539565-059E-4745-9CF7-EBE7CE4DA0AB}.Release|x86.Build.0 = Release|Win32
		{2B041035-A120-4514-837E-0D828C6188A2}.Debug|x64.ActiveCfg = Debug|x64
		{2B041035-A120-4514-837E-0D828C6188A2}.Debug|x64.Build.0 = Debug|x64
		{2B041035-A120-4514-837E-0D828C6188A2}.Debug|x86.ActiveCfg = Debug|Win32
		{2B041035-A120-4514-837E-0D828C6188A2}.Debug|x86.Build.0 = Debug|Win32
		{2B041035-A120-4514-837E-0D828C6188A2}.Release|x64.ActiveCfg = Release|x64
		{2B041035-A120-4514-837E-0D828C6188A2}.Release|x64.Build.0 = Release|x64
		{2B041035-A120-4514-837E-0D828C6188A2}.Release|x86.ActiveCfg = Release|Win32
		{2B041035-A120-4514-837E-0D828C6188A2}.Release|x86.Build.0 = Release|Win32
		{7B31E08A-3022-4F5B-BF9B-F12FB6C7E524}.Debug|x64.ActiveCfg = Debug|x64
		{7B31E08A-3022-4F5B-BF9B-F12FB6C7E524}.Debug|x64.Build.0 = Debug|x64
		{7B31E08A-3022-4F5B-BF9B-F12FB6C7E524}.Debug|x86.ActiveCfg = Debug|Win32
		{7B31E08A-3022-4F5B-BF9B-F12FB6C7E524}.Debug|x86.Build.0 = Debug|Win32
		{7B31E08A-3022-4F5B-BF9B-F12FB6C7E524}.Release|x64.ActiveCfg = Release|x64
		{7B31E08A-3022-4F5B-BF9B-F12FB6C7E524}.Release|x64.Build.0 = Release|x64
		{7B31E08A-3022-4F5B-BF9B-F12FB6C7E524}.Release|x86.ActiveCfg = Release|Win32
		{7B31E08A-3022-4F5B-BF9B-F12FB6C7E524}.Release|x86.Build.0 = Release|Win32
		{08BFB13A-7C06-4083-AAE3-232D4F6D4DA1}.Debug|x64.ActiveCfg = Debug|x64
		{08BFB13A-7C06-4083-AAE3-232D4F6D4DA1}.Debug|x64.Build.0 = Debug|x64
		{08BFB13A-7C06-4083-AAE3-232D4F6D4DA1}.Debug|x86.ActiveCfg = Debug|Win32
		{08BFB13A-7C06-4083-AAE3-232D4F6D4DA1}.Debug|x86.Build.0 = Debug|Win32
		{08BFB13A-7C06-4083-AAE3-232D4F6D4DA1}.Release|x64.ActiveCfg = Release|x64
		{08BFB13A-7C06-4083-AAE3-232D4F6D4DA1}.Release|x64.Build.0 = Release|x64
		{08BFB13A-7C06-4083-AAE3-232D4F6D4DA1}.Release|x86.ActiveCfg = Release|Win32
		{08BFB13A-7C06-4083-AAE3-232D4F6D4DA1}.Release|x86.Build.0 = Release|Win32
		{FE59E2F1-DDEA-4EBA-88C0-3A3F16C96816}.Debug|x64.ActiveCfg = Debug|x64
		{FE59E2F1-DDEA-4EBA-88C0-3A3F16C96816}.Debug|x64.Build.0 = Debug|x64
		{FE59E2F1-DDEA-4EBA-88C0-3A3F16C96816}.Debug|x86.ActiveCfg = Debug|Win32
		{FE59E2F1-DDEA-4EBA-88C0-3A3F16C96816}.Debug|x86.Build.0 = Debug|Win32
		{FE59E2F1-DDEA-4EBA-88C0-3A3F16C96816}.Release|x64.ActiveCfg = Release|x64
		{FE59E2F1-DDEA-4EBA-88C0-3A3F16C96816}.Release|x64.Build.0 = Release|x64
		{FE59E2F1-DDEA-4EBA-88C0-3A3F16C96816}.Release|x86.ActiveCfg = Release|Win32
		{FE59E2F1-DDEA-4EBA-88C0-3A3F16C96816}.Release|x86.Build.0 = Release|Win32
		{C41C3B99-AE9C-43B0-829F-6980C219A746}.Debug|x64.ActiveCfg = Debug|x64
		{C41C3B99-AE9C-43B0-829F-6980C219A746}.Debug|x64.Build.0 = Debug|x64
		{C41C3B99-AE9C-43B0-829F-6980C219A746}.Debug|x86.ActiveCfg = Debug|Win32
		{C41C3B99-AE9C-43B0-829F-6980C219A746}.Debug|x86.Build.0 = Debug|Win32
		{C41C3B99-AE9C-43B0-829F-6980C219A746}.Release|x64.ActiveCfg = Release|x64
		{C41C3B99-AE9C-43B0-829F-6980C219A746}.Release|x64.Build.0 = Release|x64
		{C41C3B99-AE9C-43B0-829F-6980C219A746}.Release|x86.ActiveCfg = Release|Win32
		{C41C3B99-AE9C-43B0-829F-6980C219A746}.Release|x86.Build.0 = Release|Win32
		{7A55A5AC-B2C2-4028-BE3B-230746901C1F}.Debug|x64.ActiveCfg = Debug|x64
		{7A55A5AC-B2C2-4028-BE3B-230746901C1F}.Debug|x64.Build.0 = Debug|x64
		{7A55A5AC-B2C2-4028-BE3B-230746901C1F}.Debug|x86.ActiveCfg = Debug|Win32
		{7A55A5AC-B2C2-4028-BE3B-230746901C1F}.Debug|x86.Build.0 = Debug|Win32
		{7A55A5AC-B2C2-4028-BE3B-230746901C1F}.Release|x64.ActiveCfg = Release|x64
		{7A55A5AC-B2C2-4028-BE3B-230746901C1F}.Release|x64.Build.0 = Release|x64
		{7A55A5AC-B2C2-4028-BE3B-230746901C1F}.Release|x86.ActiveCfg = Release|Win32
		{7A55A5AC-B2C2-4028-BE3B-230746901C1F}.Release|x86.Build.0 = Release|Win32
		{767B5DCD-E794-4692-A9F5-653A04B02EF8}.Debug|x64.ActiveCfg = Debug|x64
		{767B5DCD-E794-4692-A9F5-653A04B02EF8}.Debug|x64.Build.0 = Debug|x64
		{767B5DCD-E794-4692-A9F5-653A04B02EF8}.Debug|x86.ActiveCfg = Debug|Win32
		{767B5DCD-E794-4692-A9F5-653A04B02EF8}.Debug|x86.Build.0 = Debug|Win32
		{767B5DCD-E794-4692-A9F5-653A04B02EF8}.Release|x64.ActiveCfg = Release|x64
		{767B5DCD-E794-4692-A9F5-653A04B02EF8}.Release|x64.Build.0 = Release|x64
		{767B5DCD-E794-4692-A9F5-653A04B02EF8}.Release|x86.ActiveCfg = Release|Win32
		{767B5DCD-E794-4692-A9F5-653A04B02EF8}.Release|x86.Build.0 = Release|Win32
		{F3B7F368-C523-42A0-851F-22A92713B276}.Debug|x64.ActiveCfg = Debug|x64
		{F3B7F368-C523-42A0-851F-22A92713B276}.Debug|x64.Build.0 = Debug|x64
		{F3B7F368-C523-42A0-851F-22A92713B276}.Debug|x86.ActiveCfg = Debug|Win32
		{F3B7F368-C523-42A0-851F-22A92713B276}.Debug|x86.Build.0 = Debug|Win32
		{F3B7F368-C523-42A0-851F-22A92713B276}.Release|x64.ActiveCfg = Release|x64
		{F3B7F368-C523-42A0-851F-22A92713B276}.Release|x64.Build.0 = Release|x64
		{F3B7F368-C523-42A0-851F-22A92713B276}.Release|x86.ActiveCfg = Release|Win32
		{F3B7F368-C523-42A0-851F-22A92713B276}.Release|x86.Build.0 = Release|Win32
		{893BA8CF-5FC8-4BA0-9CE6-40C23561017A}.Debug|x64.ActiveCfg = Debug|x64
		{893BA8CF-5FC8-4BA0-9CE6-40C23561017A}.Debug|x64.Build.0 = Debug|x64
		{893BA8CF-5FC8-4BA0-9CE6-40C23561017A}.Debug|x86.ActiveCfg = Debug|Win32
		{893BA8CF-5FC8-4BA0-9CE6-40C23561017A}.Debug|x86.Build.0 = Debug|Win32
		{893BA8CF-5FC8-4BA0-9CE6-40C23561017A}.Release|x64.ActiveCfg = Release|x64
		{893BA8CF-5FC8-4BA0-9CE6-40C23561017A}.Release|x64.Build.0 = Release|x64
		{893BA8CF-5FC8-4BA0-9CE6-40C23561017A}.Release|x86.ActiveCfg = Release|Win32
		{893BA8CF-5FC8-4BA0-9CE6-40C23561017A}.Release|x86.Build.0 = Release|Win32
		{9E2AE1A1-0111-4260-B39D-43F26742F968}.Debug|x64.ActiveCfg = Debug|x64
		{9E2AE1A1-0111-4260-B39D-43F26742F968}.Debug|x64.Build.0 = Debug|x64
		{9E2AE1A1-0111-4260-B39D-43F26742F968}.Debug|x86.ActiveCfg = Debug|Win32
		{9E2AE1A1-0111-4260-B39D-43F26742F968}.Debug|x86.Build.0 = Debug|Win32
		{9E2AE1A1-0111-4260-B39D-43F26742F968}.Release|x64.ActiveCfg = Release|x64
		{9E2AE1A1-0111-4260-B39D-43F26742F968}.Release|x64.Build.0 = Release|x64
		{9E2AE1A1-0111-4260-B39D-43F26742F968}.Release|x86.ActiveCfg = Release|Win32
		{9E2AE1A1-0111-4260-B39D-43F26742F968}.Release|x86.Build.0 = Release|Win32
		{71A3007E-1F4E-4D02-A36F-4C9D0D061F4C}.Debug|x64.ActiveCfg = Debug|x64
		{71A3007E-1F4E-4D02-A36F-4C9D0D061F4C}.Debug|x64.Build.0 = Debug|x64
		{71A3007E-1F4E-4D02-A36F-4C9D0D061F4C}.Debug|x86.ActiveCfg = Debug|Win32
		{71A3007E-1F4E-4D02-A36F-4C9D0D061F4C}.Debug|x86.Build.0 = Debug|Win32
		{71A3007E-1F4E-4D02-A36F-4C9D0D061F4C}.Release|x64.ActiveCfg = Release|x64
		{71A3007E-1F4E-4D02-A36F-4C9D0D061F4C}.Release|x64.Build.0 = Release|x64
		{71A3007E-1F4E-4D02-A36F-4C9D0D061F4C}.Release|x86.ActiveCfg = Release|Win32
		{71A3007E-1F4E-4D02-A36F-4C9D0D061F4C}.Release|x86.Build.0 = Release|Win32
		{827E2139-19C6-4B96-A7C9-C09FEB4F2D46}.Debug|x64.ActiveCfg = Debug|x64
		{827E2139-19C6-4B96-A7C9-C09FEB4F2D46}.Debug|x64.Build.0 = Debug|x64
		{827E2139-19C6-4B96-A7C9-C09FEB4F2D46}.Debug|x86.ActiveCfg = Debug|Win32
		{827E2139-19C6-4B96-A7C9-C09FEB4F2D46}.Debug|x86.Build.0 = Debug|Win32
		{827E2139-19C6-4B96-A7C9-C09FEB4F2D46}.Release|x64.ActiveCfg = Release|x64
		{827E2139-19C6-4B96-A7C9-C09FEB4F2D46}.Release|x64.Build.0 = Release|x64
		{827E2139-19C6-4B96-A7C9-C09FEB4F2D46}.Release|x86.ActiveCfg = Release|Win32
		{827E2139-19C6-4B96-A7C9-C09FEB4F2D46}.Release|x86.Build.0 = Release|Win32
		{C7D6CD92-D6E2-43D2-8552-6827D74AE3DE}.Debug|x64.ActiveCfg = Debug|x64
		{C7D6CD92-D6E2-43D2-8552-6827D74AE3DE}.Debug|x64.Build.0 = Debug|x64
		{C7D6CD92-D6E2-43D2-8552-6827D74AE3DE}.Debug|x86.ActiveCfg = Debug|Win32
		{C7D6CD92-D6E2-43D2-8552-6827D74AE3DE}.Debug|x86.Build.0 = Debug|Win32
		{C7D6CD92-D6E2-43D2-8552-6827D74AE3DE}.Release|x64.ActiveCfg = Release|x64
		{C7D6CD92-D6E2-43D2-8552-6827D74AE3DE}.Release|x64.Build.0 = Release|x64
		{C7D6CD92-D6E2-43D2-8552-6827D74AE3DE}.Release|x86.ActiveCfg = Release|Win32
		{C7D6CD92-D6E2-43D2-8552-6827D74AE3DE}.Release|x86.Build.0 = Release|Win32
		{87FF5470-59C0-4D62-88A9-96D8F6D8DCDA}.Debug|x64.ActiveCfg = Debug|x64
		{87FF5470-59C0-4D62-88A9-96D8F6D8DCDA}.Debug|x64.Build.0 = Debug|x64
		{87FF5470-59C0-4D62-88A9-96D8F6D8DCDA}.Debug|x86.ActiveCfg = Debug|Win32
		{87FF5470-59C0-4D62-88A9-96D8F6D8DCDA}.Debug|x86.Build.0 = Debug|Win32
		{87FF5470-59C0-4D62-88A9-96D8F6D8DCDA}.Release|x64.ActiveCfg = Release|x64
		{87FF5470-59C0-4D62-88A9-96D8F6D8DCDA}.Release|x64.Build.0 = Release|x64
		{87FF5470-59C0-4D62-88A9-96D8F6D8DCDA}.Release|x86.ActiveCfg = Release|Win32
		{87FF5470-59C0-4D62-88A9-96D8F6D8DCDA}.Release|x86.Build.0 = Release|Win32
		{91ABF859-323A-4508-858A-B1A030183958}.Debug|x64.ActiveCfg = Debug|x64
		{91ABF859-323A-4508-858A-B1A030183958}.Debug|x64.Build.0 = Debug|x64
		{91ABF859-323A-4508-858A-B1A030183958}.Debug|x86.ActiveCfg = Debug|Win32
		{91ABF859-323A-4508-858A-B1A030183958}.Debug|x86.Build.0 = Debug|Win32
		{91ABF859-323A-4508-858A-B1A030183958}.Release|x64.ActiveCfg = Release|x64
		{91ABF859-323A-4508-858A-B1A030183958}.Release|x64.Build.0 = Release|x64
		{91ABF859-323A-4508-858A-B1A030183958}.Release|x86.ActiveCfg = Release|Win32
		{91ABF859-323A-4508-858A-B1A030183958}.Release|x86.Build.0 = Release|Win32
		{3654C1F3-5A3B-4AAA-9EA2-87C336F3C1CA}.Debug|x64.ActiveCfg = Debug|x64
		{3654C1F3-5A3B-4AAA-9EA2-87C336F3C1CA}.Debug|x64.Build.0 = Debug|x64
		{3654C1F3-5A3B-4AAA-9EA2-87C336F3C1CA}.Debug|x86.ActiveCfg = Debug|Win32
		{3654C1F3-5A3B-4AAA-9EA2-87C336F3C1CA}.Debug|x86.Build.0 = Debug|Win32
		{3654C1F3-5A3B-4AAA-9EA2-87C336F3C1CA}.Release|x64.ActiveCfg = Release|x64
		{3654C1F3-5A3B-4AAA-9EA2-87C336F3C1CA}.Release|x64.Build.0 = Release|x64
		{3654C1F3-5A3B-4AAA-9EA2-87C336F3C1CA}.Release|x86.ActiveCfg = Release|Win32
		{3654C1F3-5A3B-4AAA-9EA2-87C336F3C1CA}.Release|x86.Build.0 = Release|Win32
		{40A888FC-AB81-4A8E-AA54-795178997B69}.Debug|x64.ActiveCfg = Debug|x64
		{40A888FC-AB81-4A8E-AA54-795178997B69}.Debug|x64.Build.0 = Debug|x64
		{40A888FC-AB81-4A8E-AA54-795178997B69}.Debug|x86.ActiveCfg = Debug|Win32
		{40A888FC-AB81-4A8E-AA54-795178997B69}.Debug|x86.Build.0 = Debug|Win32
		{40A888FC-AB81-4A8E-AA54-795178997B69}.Release|x64.ActiveCfg = Release|x64
		{40A888FC-AB81-4A8E-AA54-795178997B69}.Release|x64.Build.0 = Release|x64
		{40A888FC-AB81-4A8E-AA54-795178997B69}.Release|x86.ActiveCfg = Release|Win32
		{40A888FC-AB81-4A8E-AA54-795178997B69}.Release|x86.Build.0 = Release|Win32
		{3C0C10C7-1D38-4695-9059-C283AE05F3D7}.Debug|x64.ActiveCfg = Debug|x64
		{3C0C10C7-1D38-4695-9059-C283AE05F3D7}.Debug|x64.Build.0 = Debug|x64
		{3C0C10C7-1D38-4695-9059-C283AE05F3D7}.Debug|x86.ActiveCfg = Debug|Win32
		{3C0C10C7-1D38-4695-9059-C283AE05F3D7}.Debug|x86.Build.0 = Debug|Win32
		{3C0C10C7-1D38-4695-9059-C283AE05F3D7}.Release|x64.ActiveCfg = Release|x64
		{3C0C10C7-1D38-4695-9059-C283AE05F3D7}.Release|x64.Build.0 = Release|x64
		{3C0C10C7-1D38-4695-9059-C283AE05F3D7}.Release|x86.ActiveCfg = Release|Win32
		{3C0C10C7-1D38-4695-9059-C283AE05F3D7}.Release|x86.Build.0 = Release|Win32
		{AF3F93B5-89DB-448E-BC1A-E88DBC01496E}.Debug|x64.ActiveCfg = Debug|x64
		{AF3F93B5-89DB-448E-BC1A-E88DBC01496E}.Debug|x64.Build.0 = Debug|x64
		{AF3F93B5-89DB-448E-BC1A-E88DBC01496E}.Debug|x86.ActiveCfg = Debug|Win32
		{AF3F93B5-89DB-448E-BC1A-E88DBC01496E}.Debug|x86.Build.0 = Debug|Win32
		{AF3F93B5-89DB-448E-BC1A-E88DBC01496E}.Release|x64.ActiveCfg = Release|x64
		{AF3F93B5-89DB-448E-BC1A-E88DBC01496E}.Release|x64.Build.0 = Release|x64
		{AF3F93B5-89DB-448E-BC1A-E88DBC01496E}.Release|x86.ActiveCfg = Release|Win32
		{AF3F93B5-89DB-448E-BC1A-E88DBC01496E}.Release|x86.Build.0 = Release|Win32
		{AC4FBB4E-E8C8-437D-B7C7-E51E5507B593}.Debug|x64.ActiveCfg = Debug|x64
		{AC4FBB4E-E8C8-437D-B7C7-E51E5507B593}.Debug|x64.Build.0 = Debug|x64
		{AC4FBB4E-E8C8-437D-B7C7-E51E5507B593}.Debug|x86.ActiveCfg = Debug|Win32
		{AC4FBB4E-E8C8-437D-B7C7-E51E5507B593}.Debug|x86.Build.0 = Debug|Win32
		{AC4FBB4E-E8C8-437D-B7C7-E51E5507B593}.Release|x64.ActiveCfg = Release|x64
		{AC4FBB4E-E8C8-437D-B7C7-E51E5507B593}.Release|x64.Build.0 = Release|x64
		{AC4FBB4E-E8C8-437D-B7C7-E51E5507B593}.Release|x86.ActiveCfg = Release|Win32
		{AC4FBB4E-E8C8-437D-B7C7-E51E5507B593}.Release|x86.Build.0 = Release|Win32
		{DD356CBF-6E41-4B83-B76D-DC55AB681431}.Debug|x64.ActiveCfg = Debug|x64
		{DD356CBF-6E41-4B83-B76D-DC55AB681431}.Debug|x64.Build.0 = Debug|x64
		{DD356CBF-6E41-4B83-B76D-DC55AB681431}.Debug|x86.ActiveCfg = Debug|Win32
		{DD356CBF-6E41-4B83-B76D-DC55AB681431}.Debug|x86.Build.0 = Debug|Win32
		{DD356CBF-6E41-4B83-B76D-DC55AB681431}.Release|x64.ActiveCfg = Release|x64
		{DD356CBF-6E41-4B83-B76D-DC55AB681431}.Release|x64.Build.0 = Release|x64
		{DD356CBF-6E41-4B83-B76D-DC55AB681431}.Release|x86.ActiveCfg = Release|Win32
		{DD356CBF-6E41-4B83-B76D-DC55AB681431}.Release|x86.Build.0 = Release|Win32
		{F982EBE9-20F9-48C3-9398-CDD7546F1AA8}.Debug|x64.ActiveCfg = Debug|x64
		{F982EBE9-20F9-48C3-9398-CDD7546F1AA8}.Debug|x64.Build.0 = Debug|x64
		{F982EBE9-20F9-48C3-9398-CDD7546F1AA8}.Debug|x86.ActiveCfg = Debug|Win32
		{F982EBE9-20F9-48C3-9398-CDD7546F1AA8}.Debug|x86.Build.0 = Debug|Win32
		{F982EBE9-20F9-48C3-9398-CDD7546F1AA8}.Release|x64.ActiveCfg = Release|x64
		{F982EBE9-20F9-48C3-9398-CDD7546F1AA8}.Release|x64.Build.0 = Release|x64
		{F982EBE9-20F9-48C3-9398-CDD7546F1AA8}.Release|x86.ActiveCfg = Release|Win32
		{F982EBE9-20F9-48C3-9398-CDD7546F1AA8}.Release|x86.Build.0 = Release|Win32
		{496AE00E-4691-4D65-9D06-60B970FF7F12}.Debug|x64.ActiveCfg = Debug|x64
		{496AE00E-4691-4D65-9D06-60B970FF7F12}.Debug|x64.Build.0 = Debug|x64
		{496AE00E-4691-4D65-9D06-60B970FF7F12}.Debug|x86.ActiveCfg = Debug|Win32
		{496AE00E-4691-4D65-9D06-60B970FF7F12}.Debug|x86.Build.0 = Debug|Win32
		{496AE00E-4691-4D65-9D06-60B970FF7F12}.Release|x64.ActiveCfg = Release|x64
		{496AE00E-4691-4D65-9D06-60B970FF7F12}.Release|x64.Build.0 = Release|x64
		{496AE00E-4691-4D65-9D06-60B970FF7F12}.Release|x86.ActiveCfg = Release|Win32
		{496AE00E-4691-4D65-9D06-60B970FF7F12}.Release|x86.Build.0 = Release|Win32
		{2501DABC-907D-4AA1-BBFA-1887945B246F}.Debug|x64.ActiveCfg = Debug|x64
		{2501DABC-907D-4AA1-BBFA-1887945B246F}.Debug|x64.Build.0 = Debug|x64
		{2501DABC-907D-4AA1-BBFA-1887945B246F}.Debug|x86.ActiveCfg = Debug|Win32
		{2501DABC-907D-4AA1-BBFA-1887945B246F}.Debug|x86.Build.0 = Debug|Win32
		{2501DABC-907D-4AA1-BBFA-1887945B246F}.Release|x64.ActiveCfg = Release|x64
		{2501DABC-907D-4AA1-BBFA-1887945B246F}.Release|x64.Build.0 = Release|x64
		{2501DABC-907D-4AA1-BBFA-1887945B246F}.Release|x86.ActiveCfg = Release|Win32
		{2501DABC-907D-4AA1-BBFA-1887945B246F}.Release|x86.Build.0 = Release|Win32
		{B4C542E6-8928-433E-8C33-31F1FDDFB7F4}.Debug|x64.ActiveCfg = Debug|x64
		{B4C542E6-8928-433E-8C33-31F1FDDFB7F4}.Debug|x64.Build.0 = Debug|x64
		{B4C542E6-8928-433E-8C33-31F1FDDFB7F4}.Debug|x86.ActiveCfg = Debug|Win32
		{B4C542E6-8928-433E-8C33-31F1FDDFB7F4}.Debug|x86.Build.0 = Debug|Win32
		{B4C542E6-8928-433E-8C33-31F1FDDFB7F4}.Release|x64.ActiveCfg = Release|x64
		{B4C542E6-8928-433E-8C33-31F1FDDFB7F4}.Release|x64.Build.0 = Release|x64
		{B4C542E6-8928-433E-8C33-31F1FDDFB7F4}.Release|x86.ActiveCfg = Release|Win32
		{B4C542E6-8928-433E-8C33-31F1FDDFB7F4}.Release|x86.Build.0 = Release|Win32
		{7ABF00E3-7595-428A-8E80-D59E110716F7}.Debug|x64.ActiveCfg = Debug|x64
		{7ABF00E3-7595-428A-8E80-D59E110716F7}.Debug|x64.Build.0 = Debug|x64
		{7ABF00E3-7595-428A-8E80-D59E110716F7}.Debug|x86.ActiveCfg = Debug|Win32
		{7ABF00E3-7595-428A-8E80-D59E110716F7}.Debug|x86.Build.0 = Debug|Win32
		{7ABF00E3-7595-428A-8E80-D59E110716F7}.Release|x64.ActiveCfg = Release|x64
		{7ABF00E3-7595-428A-8E80-D59E110716F7}.Release|x64.Build.0 = Release|x64
		{7ABF00E3-7595-428A-8E80-D59E110716F7}.Release|x86.ActiveCfg = Release|Win32
		{7ABF00E3-7595-428A-8E80-D59E110716F7}.Release|x86.Build.0 = Release|Win32
		{CE01D36D-BBB9-49C3-8BCB-19AB68A32ACE}.Debug|x64.ActiveCfg = Debug|x64
		{CE01D36D-BBB9-49C3-8BCB-19AB68A32ACE}.Debug|x64.Build.0 = Debug|x64
		{CE01D36D-BBB9-49C3-8BCB-19AB68A32ACE}.Debug|x86.ActiveCfg = Debug|Win32
		{CE01D36D-BBB9-49C3-8BCB-19AB68A32ACE}.Debug|x86.Build.0 = Debug|Win32
		{CE01D36D-BBB9-49C3-8BCB-19AB68A32ACE}.Release|x64.ActiveCfg = Release|x64
		{CE01D36D-BBB9-49C3-8BCB-19AB68A32ACE}.Release|x64.Build.0 = Release|x64
		{CE01D36D-BBB9-49C3-8BCB-19AB68A32ACE}.Release|x86.ActiveCfg = Release|Win32
		{CE01D36D-BBB9-49C3-8BCB-19AB68A32ACE}.Release|x86.Build.0 = Release|Win32
		{0568041A-3072-444A-9A67-E2C20C260B27}.Debug|x64.ActiveCfg = Debug|x64
		{0568041A-3072-444A-9A67-E2C20C260B27}.Debug|x64.Build.0 = Debug|x64
		{0568041A-3072-444A-9A67-E2C20C260B27}.Debug|x86.ActiveCfg = Debug|Win32
		{0568041A-3072-444A-9A67-E2C20C260B27}.Debug|x86.Build.0 = Debug|Win32
		{0568041A-3072-444A-9A67-E2C20C260B27}.Release|x64.ActiveCfg = Release|x64
		{0568041A-3072-444A-9A67-E2C20C260B27}.Release|x64.Build.0 = Release|x64
		{0568041A-3072-444A-9A67-E2C20C260B27}.Release|x86.ActiveCfg = Release|Win32
		{0568041A-3072-444A-9A67-E2C20C260B27}.Release|x86.Build.0 = Release|Win32
		{7B72C4C7-2048-4EC7-908E-749F8C430122}.Debug|x64.ActiveCfg = Debug|x64
		{7B72C4C7-2048-4EC7-908E-749F8C430122}.Debug|x64.Build.0 = Debug|x64
		{7B72C4C7-2048-4EC7-908E-749F8C430122}.Debug|x86.ActiveCfg = Debug|Win32
		{7B72C4C7-2048-4EC7-908E-749F8C430122}.Debug|x86.Build.0 = Debug|Win32
		{7B72C4C7-2048-4EC7-908E-749F8C430122}.Release|x64.ActiveCfg = Release|x64
		{7B72C4C7-2048-4EC7-908E-749F8C430122}.Release|x64.Build.0 = Release|x64
		{7B72C4C7-2048-4EC7-908E-749F8C430122}.Release|x86.ActiveCfg = Release|Win32
		{7B72C4C7-2048-4EC7-908E-749F8C430122}.Release|x86.Build.0 = Release|Win32
		{1B035F74-FD7C-4385-ABCD-8D059EF76580}.Debug|x64.ActiveCfg = Debug|x64
		{1B035F74-FD7C-4385-ABCD-8D059EF76580}.Debug|x64.Build.0 = Debug|x64
		{1B035F74-FD7C-4385-ABCD-8D059EF76580}.Debug|x86.ActiveCfg = Debug|Win32
		{1B035F74-FD7C-4385-ABCD-8D059EF76580}.Debug|x86.Build.0 = Debug|Win32
		{1B035F74-FD7C-4385-ABCD-8D059EF76580}.Release|x64.ActiveCfg = Release|x64
		{1B035F74-FD7C-4385-ABCD-8D059EF76580}.Release|x64.Build.0 = Release|x64
		{1B035F74-FD7C-4385-ABCD-8D059EF76580}.Release|x86.ActiveCfg = Release|Win32
		{1B035F74-FD7C-4385-ABCD-8D059EF76580}.Release|x86.Build.0 = Release|Win32
		{38D0CE35-1BFE-4A2A-AF35-A74DA8939AF9}.Debug|x64.ActiveCfg = Debug|x64
		{38D0CE35-1BFE-4A2A-AF35-A74DA8939AF9}.Debug|x64.Build.0 = Debug|x64
		{38D0CE35-1BFE-4A2A-AF35-A74DA8939AF9}.Debug|x86.ActiveCfg = Debug|Win32
		{38D0CE35-1BFE-4A2A-AF35-A74DA8939AF9}.Debug|x86.Build.0 = Debug|Win32
		{38D0CE35-1BFE-4A2A-AF35-A74DA8939AF9}.Release|x64.ActiveCfg = Release|x64
		{38D0CE35-1BFE-4A2A-AF35-A74DA8939AF9}.Release|x64.Build.0 = Release|x64
		{38D0CE35-1BFE-4A2A-AF35-A74DA8939AF9}.Release|x86.ActiveCfg = Release|Win32
		{38D0CE35-1BFE-4A2A-AF35-A74DA8939AF9}.Release|x86.Build.0 = Release|Win32
		{377D8E13-09B1-47C5-8A7C-DFE9AF68D0B4}.Debug|x64.ActiveCfg = Debug|x64
		{377D8E13-09B1-47C5-8A7C-DFE9AF68D0B4}.Debug|x64.Build.0 = Debug|x64
		{377D8E13-09B1-47C5-8A7C-DFE9AF68D0B4}.Debug|x86.ActiveCfg = Debug|Win32
		{377D8E13-09B1-47C5-8A7C-DFE9AF68D0B4}.Debug|x86.Build.0 = Debug|Win32
		{377D8E13-09B1-47C5-8A7C-DFE9AF68D0B4}.Release|x64.ActiveCfg = Release|x64
		{377D8E13-09B1-47C5-8A7C-DFE9AF68D0B4}.Release|x64.Build.0 = Release|x64
		{377D8E13-09B1-47C5-8A7C-DFE9AF68D0B4}.Release|x86.ActiveCfg = Release|Win32
		{377D8E13-09B1-47C5-8A7C-DFE9AF68D0B4}.Release|x86.Build.0 = Release|Win32
		{9C04D97B-6933-4893-8C00-A8C18E5BF981}.Debug|x64.ActiveCfg = Debug|x64
		{9C04D97B-6933-4893-8C00-A8C18E5BF981}.Debug|x64.Build.0 = Debug|x64
		{9C04D97B-6933-4893-8C00-A8C18E5BF981}.Debug|x86.ActiveCfg = Debug|Win32
		{9C04D97B-6933-4893-8C00-A8C18E5BF981}.Debug|x86.Build.0 = Debug|Win32
		{9C04D97B-6933-4893-8C00-A8C18E5BF981}.Release|x64.ActiveCfg = Release|x64
		{9C04D97B-6933-4893-8C00-A8C18E5BF981}.Release|x64.Build.0 = Release|x64
		{9C04D97B-6933-4893-8C00-A8C18E5BF981}.Release|x86.ActiveCfg = Release|Win32
		{9C04D97B-6933-4893-8C00-A8C18E5BF981}.Release|x86.Build.0 = Release|Win32
		{8D307F22-AD7D-4082-9592-F45AE28ADB8A}.Debug|x64.ActiveCfg = Debug|x64
		{8D307F22-AD7D-4082-9592-F45AE28ADB8A}.Debug|x64.Build.0 = Debug|x64
		{8D307F22-AD7D-4082-9592-F45AE28ADB8A}.Debug|x86.ActiveCfg = Debug|Win32
		{8D307F22-AD7D-4082-9592-F45AE28ADB8A}.Debug|x86.Build.0 = Debug|Win32
		{8D307F22-AD7D-4082-9592-F45AE28ADB8A}.Release|x64.ActiveCfg = Release|x64
		{8D307F22-AD7D-4082-9592-F45AE28ADB8A}.Release|x64.Build.0 = Release|x64
		{8D307F22-AD7D-4082-9592-F45AE28ADB8A}.Release|x86.ActiveCfg = Release|Win32
		{8D307F22-AD7D-4082-9592-F45AE28ADB8A}.Release|x86.Build.0 = Release|Win32
		{640933EF-F23C-4E0D-99C2-998C88C22983}.Debug|x64.ActiveCfg = Debug|x64
		{640933EF-F23C-4E0D-99C2-998C88C22983}.Debug|x64.Build.0 = Debug|x64
		{640933EF-F23C-4E0D-99C2-998C88C22983}.Debug|x86.ActiveCfg = Debug|Win32
		{640933EF-F23C-4E0D-99C2-998C88C22983}.Debug|x86.Build.0 = Debug|Win32
		{640933EF-F23C-4E0D-99C2-998C88C22983}.Release|x64.ActiveCfg = Release|x64
		{640933EF-F23C-4E0D-99C2-998C88C22983}.Release|x64.Build.0 = Release|x64
		{640933EF-F23C-4E0D-99C2-998C88C22983}.Release|x86.ActiveCfg = Release|Win32
		{640933EF-F23C-4E0D-99C2-998C88C22983}.Release|x86.Build.0 = Release|Win32
		{42B8586C-7948-4D90-93DF-2DF400F75C9D}.Debug|x64.ActiveCfg = Debug|x64
		{42B8586C-7948-4D90-93DF-2DF400F75C9D}.Debug|x64.Build.0 = Debug|x64
		{42B8586C-7948-4D90-93DF-2DF400F75C9D}.Debug|x86.ActiveCfg = Debug|Win32
		{42B8586C-7948-4D90-93DF-2DF400F75C9D}.Debug|x86.Build.0 = Debug|Win32
		{42B8586C-7948-4D90-93DF-2DF400F75C9D}.Release|x64.ActiveCfg = Release|x64
		{42B8586C-7948-4D90-93DF-2DF400F75C9D}.Release|x64.Build.0 = Release|x64
		{42B8586C-7948-4D90-93DF-2DF400F75C9D}.Release|x86.ActiveCfg = Release|Win32
		{42B8586C-7948-4D90-93DF-2DF400F75C9D}.Release|x86.Build.0 = Release|Win32
		{6255E606-1CE3-442C-BB60-C5F0D07D30D1}.Debug|x64.ActiveCfg = Debug|x64
		{6255E606-1CE3-442C-BB60-C5F0D07D30D1}.Debug|x64.Build.0 = Debug|x64
		{6255E606-1CE3-442C-BB60-C5F0D07D30D1}.Debug|x86.ActiveCfg = Debug|Win32
		{6255E606-1CE3-442C-BB60-C5F0D07D30D1}.Debug|x86.Build.0 = Debug|Win32
		{6255E606-1CE3-442C-BB60-C5F0D07D30D1}.Release|x64.ActiveCfg = Release|x64
		{6255E606-1CE3-442C-BB60-C5F0D07D30D1}.Release|x64.Build.0 = Release|x64
		{6255E606-1CE3-442C-BB60-C5F0D07D30D1}.Release|x86.ActiveCfg = Release|Win32
		{6255E606-1CE3-442C-BB60-C5F0D07D30D1}.Release|x86.Build.0 = Release|Win32
		{4BDBDAC4-012E-4AB1-8F73-378B183C4AD9}.Debug|x64.ActiveCfg = Debug|x64
		{4BDBDAC4-012E-4AB1-8F73-378B183C4AD9}.Debug|x64.Build.0 = Debug|x64
		{4BDBDAC4-012E-4AB1-8F73-378B183C4AD9}.Debug|x86.ActiveCfg = Debug|Win32
		{4BDBDAC4-012E-4AB1-8F73-378B183C4AD9}.Debug|x86.Build.0 = Debug|Win32
		{4BDBDAC4-012E-4AB1-8F73-378B183C4AD9}.Release|x64.ActiveCfg = Release|x64
		{4BDBDAC4-012E-4AB1-8F73-378B183C4AD9}.Release|x64.Build.0 = Release|x64
		{4BDBDAC4-012E-4AB1-8F73-378B183C4AD9}.Release|x86.ActiveCfg = Release|Win32
		{4BDBDAC4-012E-4AB1-8F73-378B183C4AD9}.Release|x86.Build.0 = Release|Win32
		{C3925092-8E0D-4B0E-9DED-24EF482A14A9}.Debug|x64.ActiveCfg = Debug|x64
		{C3925092-8E0D-4B0E-9DED-24EF482A14A9}.Debug|x64.Build.0 = Debug|x64
		{C3925092-8E0D-4B0E-9DED-24EF482A14A9}.Debug|x86.ActiveCfg = Debug|Win32
		{C3925092-8E0D-4B0E-9DED-24EF482A14A9}.Debug|x86.Build.0 = Debug|Win32
		{C3925092-8E0D-4B0E-9DED-24EF482A14A9}.Release|x64.ActiveCfg = Release|x64
		{C3925092-8E0D-4B0E-9DED-24EF482A14A9}.Release|x64.Build.0 = Release|x64
		{C3925092-8E0D-4B0E-9DED-24EF482A14A9}.Release|x86.ActiveCfg = Release|Win32
		{C3925092-8E0D-4B0E-9DED-24EF482A14A9}.Release|x86.Build.0 = Release|Win32
		{3D4AA2B8-C99A-4CBB-8272-69009E3D2530}.Debug|x64.ActiveCfg = Debug|x64
		{3D4AA2B8-C99A-4CBB-8272-69009E3D2530}.Debug|x64.Build.0 = Debug|x64
		{3D4AA2B8-C99A-4CBB-8272-69009E3D2530}.Debug|x86.ActiveCfg = Debug|Win32
		{3D4AA2B8-C99A-4CBB-8272-69009E3D2530}.Debug|x86.Build.0 = Debug|Win32
		{3D4AA2B8-C99A-4CBB-8272-69009E3D2530}.Release|x64.ActiveCfg = Release|x64
		{3D4AA2B8-C99A-4CBB-8272-69009E3D2530}.Release|x64.Build.0 = Release|x64
		{3D4AA2B8-C99A-4CBB-8272-69009E3D2530}.Release|x86.ActiveCfg = Release|Win32
		{3D4AA2B8-C99A-4CBB-8272-69009E3D2530}.Release|x86.Build.0 = Release|Win32
		{BDC834DF-8E3C-4778-9A93-1DB2690CAD28}.Debug|x64.ActiveCfg = Debug|x64
		{BDC834DF-8E3C-4778-9A93-1DB2690CAD28}.Debug|x64.Build.0 = Debug|x64
		{BDC834DF-8E3C-4778-9A93-1DB2690CAD28}.Debug|x86.ActiveCfg = Debug|Win32
		{BDC834DF-8E3C-4778-9A93-1DB2690CAD28}.Debug|x86.Build.0 = Debug|Win32
		{BDC834DF-8E3C-4778-9A93-1DB2690CAD28}.Release|x64.ActiveCfg = Release|x64
		{BDC834DF-8E3C-4778-9A93-1DB2690CAD28}.Release|x64.Build.0 = Release|x64
		{BDC834DF-8E3C-4778-9A93-1DB2690CAD28}.Release|x86.ActiveCfg = Release|Win32
		{BDC834DF-8E3C-4778-9A93-1DB2690CAD28}.Release|x86.Build.0 = Release|Win32
		{9B4EE6F4-7FFC-4FEA-A460-565512306475}.Debug|x64.ActiveCfg = Debug|x64
		{9B4EE6F4-7FFC-4FEA-A460-565512306475}.Debug|x64.Build.0 = Debug|x64
		{9B4EE6F4-7FFC-4FEA-A460-565512306475}.Debug|x86.ActiveCfg = Debug|Win32
		{9B4EE6F4-7FFC-4FEA-A460-565512306475}.Debug|x86.Build.0 = Debug|Win32
		{9B4EE6F4-7FFC-4FEA-A460-565512306475}.Release|x64.ActiveCfg = Release|x64
		{9B4EE6F4-7FFC-4FEA-A460-565512306475}.Release|x64.Build.0 = Release|x64
		{9B4EE6F4-7FFC-4FEA-A460-565512306475}.Release|x86.ActiveCfg = Release|Win32
		{9B4EE6F4-7FFC-4FEA-A460-565512306475}.Release|x86.Build.0 = Release|Win32
		{BD255334-896A-49F6-AB44-74CD47E75898}.Debug|x64.ActiveCfg = Debug|x64
		{BD255334-896A-49F6-AB44-74CD47E75898}.Debug|x64.Build.0 = Debug|x64
		{BD255334-896A-49F6-AB44-74CD47E75898}.Debug|x86.ActiveCfg = Debug|Win32
		{BD255334-896A-49F6-AB44-74CD47E75898}.Debug|x86.Build.0 = Debug|Win32
		{BD255334-896A-49F6-AB44-74CD47E75898}.Release|x64.ActiveCfg = Release|x64
		{BD255334-896A-49F6-AB44-74CD47E75898}.Release|x64.Build.0 = Release|x64
		{BD255334-896A-49F6-AB44-74CD47E75898}.Release|x86.ActiveCfg = Release|Win32
		{BD255334-896A-49F6-AB44-74CD47E75898}.Release|x86.Build.0 = Release|Win32
		{F9646F0A-D418-42F7-9824-8AF20A2BFE37}.Debug|x64.ActiveCfg = Debug|x64
		{F9646F0A-D418-42F7-9824-8AF20A2BFE37}.Debug|x64.Build.0 = Debug|x64
		{F9646F0A-D418-42F7-9824-8AF20A2BFE37}.Debug|x86.ActiveCfg = Debug|Win32
		{F9646F0A-D418-42F7-9824-8AF20A2BFE37}.Debug|x86.Build.0 = Debug|Win32
		{F9646F0A-D418-42F7-9824-8AF20A2BFE37}.Release|x64.ActiveCfg = Release|x64
		{F9646F0A-D418-42F7-9824-8AF20A2BFE37}.Release|x64.Build.0 = Release|x64
		{F9646F0A-D418-42F7-9824-8AF20A2BFE37}.Release|x86.ActiveCfg = Release|Win32
		{F9646F0A-D418-42F7-9824-8AF20A2BFE37}.Release|x86.Build.0 = Release|Win32
		{1E78BCD9-A98F-4657-89D0-6FA4C38D77D2}.Debug|x64.ActiveCfg = Debug|x64
		{1E78BCD9-A98F-4657-89D0-6FA4C38D77D2}.Debug|x64.Build.0 = Debug|x64
		{1E78BCD9-A98F-4657-89D0-6FA4C38D77D2}.Debug|x86.ActiveCfg = Debug|Win32
		{1E78BCD9-A98F-4657-89D0-6FA4C38D77D2}.Debug|x86.Build.0 = Debug|Win32
		{1E78BCD9-A98F-4657-89D0-6FA4C38D77D2}.Release|x64.ActiveCfg = Release|x64
		{1E78BCD9-A98F-4657-89D0-6FA4C38D77D2}.Release|x64.Build.0 = Release|x64
		{1E78BCD9-A98F-4657-89D0-6FA4C38D77D2}.Release|x86.ActiveCfg = Release|Win32
		{1E78BCD9-A98F-4657-89D0-6FA4C38D77D2}.Release|x86.Build.0 = Release|Win32
		{89FB07D4-6085-4D9A-A738-900525FA9143}.Debug|x64.ActiveCfg = Debug|x64
		{89FB07D4-6085-4D9A-A738-900525FA9143}.Debug|x64.Build.0 = Debug|x64
		{89FB07D4-6085-4D9A-A738-900525FA9143}.Debug|x86.ActiveCfg = Debug|Win32
		{89FB07D4-6085-4D9A-A738-900525FA9143}.Debug|x86.Build.0 = Debug|Win32
		{89FB07D4-6085-4D9A-A738-900525FA9143}.Release|x64.ActiveCfg = Release|x64
		{89FB07D4-6085-4D9A-A738-900525FA9143}.Release|x64.Build.0 = Release|x64
		{89FB07D4-6085-4D9A-A738-900525FA9143}.Release|x86.ActiveCfg = Release|Win32
		{89FB07D4-6085-4D9A-A738-900525FA9143}.Release|x86.Build.0 = Release|Win32
		{2AB4AE52-B3D3-4E44-ABB1-DD94DD167778}.Debug|x64.ActiveCfg = Debug|x64
		{2AB4AE52-B3D3-4E44-ABB1-DD94DD167778}.Debug|x64.Build.0 = Debug|x64
		{2AB4AE52-B3D3-4E44-ABB1-DD94DD167778}.Debug|x86.ActiveCfg = Debug|Win32
		{2AB4AE52-B3D3-4E44-ABB1-DD94DD167778}.Debug|x86.Build.0 = Debug|Win32
		{2AB4AE52-B3D3-4E44-ABB1-DD94DD167778}.Release|x64.ActiveCfg = Release|x64
		{2AB4AE52-B3D3-4E44-ABB1-DD94DD167778}.Release|x64.Build.0 = Release|x64
		{2AB4AE52-B3D3-4E44-ABB1-DD94DD167778}.Release|x86.ActiveCfg = Release|Win32
		{2AB4AE52-B3D3-4E44-ABB1-DD94DD167778}.Release|x86.Build.0 = Release|Win32
		{86DF3A78-670E-4DD9-9E39-71E95E48D886}.Debug|x64.ActiveCfg = Debug|x64
		{86DF3A78-670E-4DD9-9E39-71E95E48D886}.Debug|x64.Build.0 = Debug|x64
		{86DF3A78-670E-4DD9-9E39-71E95E48D886}.Debug|x86.ActiveCfg = Debug|Win32
		{86DF3A78-670E-4DD9-9E39-71E95E48D886}.Debug|x86.Build.0 = Debug|Win32
		{86DF3A78-670E-4DD9-9E39-71E95E48D886}.Release|x64.ActiveCfg = Release|x64
		{86DF3A78-670E-4DD9-9E39-71E95E48D886}.Release|x64.Build.0 = Release|x64
		{86DF3A78-670E-4DD9-9E39-71E95E48D886}.Release|x86.ActiveCfg = Release|Win32
		{86DF3A78-670E-4DD9-9E39-71E95E48D886}.Release|x86.Build.0 = Release|Win32
	EndGlobalSection
	GlobalSection(SolutionProperties) = preSolution
		HideSolutionNode = FALSE
	EndGlobalSection
	GlobalSection(ExtensibilityGlobals) = postSolution
		SolutionGuid = {7DD41676-369A-4248-8410-0B509921E363}
	EndGlobalSection
EndGlobal
